// !$*UTF8*$!
{
	archiveVersion = 1;
	classes = {
	};
	objectVersion = 56;
	objects = {

/* Begin PBXBuildFile section */
		7B8DCDCC2BC66D2400D70C6C /* DermAssistApp.swift in Sources */ = {isa = PBXBuildFile; fileRef = 7B8DCDCB2BC66D2400D70C6C /* DermAssistApp.swift */; };
		7B8DCDCE2BC66D2400D70C6C /* ContentView.swift in Sources */ = {isa = PBXBuildFile; fileRef = 7B8DCDCD2BC66D2400D70C6C /* ContentView.swift */; };
		7B8DCDD02BC66D2500D70C6C /* Assets.xcassets in Resources */ = {isa = PBXBuildFile; fileRef = 7B8DCDCF2BC66D2500D70C6C /* Assets.xcassets */; };
		7B8DCDD32BC66D2500D70C6C /* Preview Assets.xcassets in Resources */ = {isa = PBXBuildFile; fileRef = 7B8DCDD22BC66D2500D70C6C /* Preview Assets.xcassets */; };
		7B8DCDDA2BC672A900D70C6C /* GoogleService-Info.plist in Resources */ = {isa = PBXBuildFile; fileRef = 7B8DCDD92BC672A900D70C6C /* GoogleService-Info.plist */; };
		7B8DCDDE2BC675FC00D70C6C /* FirebaseAnalytics in Frameworks */ = {isa = PBXBuildFile; productRef = 7B8DCDDD2BC675FC00D70C6C /* FirebaseAnalytics */; };
		7B8DCDE02BC675FC00D70C6C /* FirebaseAnalyticsOnDeviceConversion in Frameworks */ = {isa = PBXBuildFile; productRef = 7B8DCDDF2BC675FC00D70C6C /* FirebaseAnalyticsOnDeviceConversion */; };
		7B8DCDE22BC675FC00D70C6C /* FirebaseAnalyticsSwift in Frameworks */ = {isa = PBXBuildFile; productRef = 7B8DCDE12BC675FC00D70C6C /* FirebaseAnalyticsSwift */; };
		7B8DCDE42BC675FC00D70C6C /* FirebaseAnalyticsWithoutAdIdSupport in Frameworks */ = {isa = PBXBuildFile; productRef = 7B8DCDE32BC675FC00D70C6C /* FirebaseAnalyticsWithoutAdIdSupport */; };
		7B8DCDE62BC675FC00D70C6C /* FirebaseAppCheck in Frameworks */ = {isa = PBXBuildFile; productRef = 7B8DCDE52BC675FC00D70C6C /* FirebaseAppCheck */; };
		7B8DCDE82BC675FC00D70C6C /* FirebaseAppDistribution-Beta in Frameworks */ = {isa = PBXBuildFile; productRef = 7B8DCDE72BC675FC00D70C6C /* FirebaseAppDistribution-Beta */; };
		7B8DCDEA2BC675FC00D70C6C /* FirebaseAuth in Frameworks */ = {isa = PBXBuildFile; productRef = 7B8DCDE92BC675FC00D70C6C /* FirebaseAuth */; };
		7B8DCDEC2BC675FC00D70C6C /* FirebaseAuthCombine-Community in Frameworks */ = {isa = PBXBuildFile; productRef = 7B8DCDEB2BC675FC00D70C6C /* FirebaseAuthCombine-Community */; };
		7B8DCDEE2BC675FC00D70C6C /* FirebaseCrashlytics in Frameworks */ = {isa = PBXBuildFile; productRef = 7B8DCDED2BC675FC00D70C6C /* FirebaseCrashlytics */; };
		7B8DCDF02BC675FC00D70C6C /* FirebaseDatabase in Frameworks */ = {isa = PBXBuildFile; productRef = 7B8DCDEF2BC675FC00D70C6C /* FirebaseDatabase */; };
		7B8DCDF22BC675FC00D70C6C /* FirebaseDatabaseSwift in Frameworks */ = {isa = PBXBuildFile; productRef = 7B8DCDF12BC675FC00D70C6C /* FirebaseDatabaseSwift */; };
		7B8DCDF42BC675FC00D70C6C /* FirebaseDynamicLinks in Frameworks */ = {isa = PBXBuildFile; productRef = 7B8DCDF32BC675FC00D70C6C /* FirebaseDynamicLinks */; };
		7B8DCDF62BC675FC00D70C6C /* FirebaseFirestore in Frameworks */ = {isa = PBXBuildFile; productRef = 7B8DCDF52BC675FC00D70C6C /* FirebaseFirestore */; };
		7B8DCDF82BC675FC00D70C6C /* FirebaseFirestoreCombine-Community in Frameworks */ = {isa = PBXBuildFile; productRef = 7B8DCDF72BC675FC00D70C6C /* FirebaseFirestoreCombine-Community */; };
		7B8DCDFA2BC675FC00D70C6C /* FirebaseFirestoreSwift in Frameworks */ = {isa = PBXBuildFile; productRef = 7B8DCDF92BC675FC00D70C6C /* FirebaseFirestoreSwift */; };
		7B8DCDFC2BC675FC00D70C6C /* FirebaseFunctions in Frameworks */ = {isa = PBXBuildFile; productRef = 7B8DCDFB2BC675FC00D70C6C /* FirebaseFunctions */; };
		7B8DCDFE2BC675FC00D70C6C /* FirebaseFunctionsCombine-Community in Frameworks */ = {isa = PBXBuildFile; productRef = 7B8DCDFD2BC675FC00D70C6C /* FirebaseFunctionsCombine-Community */; };
		7B8DCE002BC675FC00D70C6C /* FirebaseInAppMessaging-Beta in Frameworks */ = {isa = PBXBuildFile; productRef = 7B8DCDFF2BC675FC00D70C6C /* FirebaseInAppMessaging-Beta */; };
		7B8DCE022BC675FC00D70C6C /* FirebaseInAppMessagingSwift-Beta in Frameworks */ = {isa = PBXBuildFile; productRef = 7B8DCE012BC675FC00D70C6C /* FirebaseInAppMessagingSwift-Beta */; };
		7B8DCE042BC675FC00D70C6C /* FirebaseInstallations in Frameworks */ = {isa = PBXBuildFile; productRef = 7B8DCE032BC675FC00D70C6C /* FirebaseInstallations */; };
		7B8DCE062BC675FC00D70C6C /* FirebaseMessaging in Frameworks */ = {isa = PBXBuildFile; productRef = 7B8DCE052BC675FC00D70C6C /* FirebaseMessaging */; };
		7B8DCE082BC675FC00D70C6C /* FirebaseMLModelDownloader in Frameworks */ = {isa = PBXBuildFile; productRef = 7B8DCE072BC675FC00D70C6C /* FirebaseMLModelDownloader */; };
		7B8DCE0A2BC675FC00D70C6C /* FirebasePerformance in Frameworks */ = {isa = PBXBuildFile; productRef = 7B8DCE092BC675FC00D70C6C /* FirebasePerformance */; };
		7B8DCE0C2BC675FC00D70C6C /* FirebaseRemoteConfig in Frameworks */ = {isa = PBXBuildFile; productRef = 7B8DCE0B2BC675FC00D70C6C /* FirebaseRemoteConfig */; };
		7B8DCE0E2BC675FC00D70C6C /* FirebaseRemoteConfigSwift in Frameworks */ = {isa = PBXBuildFile; productRef = 7B8DCE0D2BC675FC00D70C6C /* FirebaseRemoteConfigSwift */; };
		7B8DCE102BC675FC00D70C6C /* FirebaseStorage in Frameworks */ = {isa = PBXBuildFile; productRef = 7B8DCE0F2BC675FC00D70C6C /* FirebaseStorage */; };
		7B8DCE122BC675FC00D70C6C /* FirebaseStorageCombine-Community in Frameworks */ = {isa = PBXBuildFile; productRef = 7B8DCE112BC675FC00D70C6C /* FirebaseStorageCombine-Community */; };
/* End PBXBuildFile section */

/* Begin PBXFileReference section */
		7B8DCDC82BC66D2400D70C6C /* DermAssist.app */ = {isa = PBXFileReference; explicitFileType = wrapper.application; includeInIndex = 0; path = DermAssist.app; sourceTree = BUILT_PRODUCTS_DIR; };
		7B8DCDCB2BC66D2400D70C6C /* DermAssistApp.swift */ = {isa = PBXFileReference; lastKnownFileType = sourcecode.swift; path = DermAssistApp.swift; sourceTree = "<group>"; };
		7B8DCDCD2BC66D2400D70C6C /* ContentView.swift */ = {isa = PBXFileReference; lastKnownFileType = sourcecode.swift; path = ContentView.swift; sourceTree = "<group>"; };
		7B8DCDCF2BC66D2500D70C6C /* Assets.xcassets */ = {isa = PBXFileReference; lastKnownFileType = folder.assetcatalog; path = Assets.xcassets; sourceTree = "<group>"; };
		7B8DCDD22BC66D2500D70C6C /* Preview Assets.xcassets */ = {isa = PBXFileReference; lastKnownFileType = folder.assetcatalog; path = "Preview Assets.xcassets"; sourceTree = "<group>"; };
		7B8DCDD92BC672A900D70C6C /* GoogleService-Info.plist */ = {isa = PBXFileReference; fileEncoding = 4; lastKnownFileType = text.plist.xml; path = "GoogleService-Info.plist"; sourceTree = "<group>"; };
/* End PBXFileReference section */

/* Begin PBXFrameworksBuildPhase section */
		7B8DCDC52BC66D2400D70C6C /* Frameworks */ = {
			isa = PBXFrameworksBuildPhase;
			buildActionMask = 2147483647;
			files = (
				7B8DCDF02BC675FC00D70C6C /* FirebaseDatabase in Frameworks */,
				7B8DCDFE2BC675FC00D70C6C /* FirebaseFunctionsCombine-Community in Frameworks */,
				7B8DCDF62BC675FC00D70C6C /* FirebaseFirestore in Frameworks */,
				7B8DCDE22BC675FC00D70C6C /* FirebaseAnalyticsSwift in Frameworks */,
				7B8DCDDE2BC675FC00D70C6C /* FirebaseAnalytics in Frameworks */,
				7B8DCDE02BC675FC00D70C6C /* FirebaseAnalyticsOnDeviceConversion in Frameworks */,
				7B8DCDFA2BC675FC00D70C6C /* FirebaseFirestoreSwift in Frameworks */,
				7B8DCE082BC675FC00D70C6C /* FirebaseMLModelDownloader in Frameworks */,
				7B8DCDE62BC675FC00D70C6C /* FirebaseAppCheck in Frameworks */,
				7B8DCDE42BC675FC00D70C6C /* FirebaseAnalyticsWithoutAdIdSupport in Frameworks */,
				7B8DCE062BC675FC00D70C6C /* FirebaseMessaging in Frameworks */,
				7B8DCDEA2BC675FC00D70C6C /* FirebaseAuth in Frameworks */,
				7B8DCE0E2BC675FC00D70C6C /* FirebaseRemoteConfigSwift in Frameworks */,
				7B8DCDEE2BC675FC00D70C6C /* FirebaseCrashlytics in Frameworks */,
				7B8DCE002BC675FC00D70C6C /* FirebaseInAppMessaging-Beta in Frameworks */,
				7B8DCDF22BC675FC00D70C6C /* FirebaseDatabaseSwift in Frameworks */,
				7B8DCE122BC675FC00D70C6C /* FirebaseStorageCombine-Community in Frameworks */,
				7B8DCE0C2BC675FC00D70C6C /* FirebaseRemoteConfig in Frameworks */,
				7B8DCDFC2BC675FC00D70C6C /* FirebaseFunctions in Frameworks */,
				7B8DCDE82BC675FC00D70C6C /* FirebaseAppDistribution-Beta in Frameworks */,
				7B8DCE0A2BC675FC00D70C6C /* FirebasePerformance in Frameworks */,
				7B8DCDEC2BC675FC00D70C6C /* FirebaseAuthCombine-Community in Frameworks */,
				7B8DCE102BC675FC00D70C6C /* FirebaseStorage in Frameworks */,
				7B8DCE022BC675FC00D70C6C /* FirebaseInAppMessagingSwift-Beta in Frameworks */,
				7B8DCDF42BC675FC00D70C6C /* FirebaseDynamicLinks in Frameworks */,
				7B8DCDF82BC675FC00D70C6C /* FirebaseFirestoreCombine-Community in Frameworks */,
				7B8DCE042BC675FC00D70C6C /* FirebaseInstallations in Frameworks */,
			);
			runOnlyForDeploymentPostprocessing = 0;
		};
/* End PBXFrameworksBuildPhase section */

/* Begin PBXGroup section */
		7B8DCDBF2BC66D2400D70C6C = {
			isa = PBXGroup;
			children = (
				7B8DCDCA2BC66D2400D70C6C /* DermAssist */,
				7B8DCDC92BC66D2400D70C6C /* Products */,
				7B8DCDDC2BC675FC00D70C6C /* Frameworks */,
			);
			sourceTree = "<group>";
		};
		7B8DCDC92BC66D2400D70C6C /* Products */ = {
			isa = PBXGroup;
			children = (
				7B8DCDC82BC66D2400D70C6C /* DermAssist.app */,
			);
			name = Products;
			sourceTree = "<group>";
		};
		7B8DCDCA2BC66D2400D70C6C /* DermAssist */ = {
			isa = PBXGroup;
			children = (
				7B8DCDCB2BC66D2400D70C6C /* DermAssistApp.swift */,
				7B8DCDCD2BC66D2400D70C6C /* ContentView.swift */,
				7B8DCDCF2BC66D2500D70C6C /* Assets.xcassets */,
				7B8DCDD92BC672A900D70C6C /* GoogleService-Info.plist */,
				7B8DCDD12BC66D2500D70C6C /* Preview Content */,
			);
			path = DermAssist;
			sourceTree = "<group>";
		};
		7B8DCDD12BC66D2500D70C6C /* Preview Content */ = {
			isa = PBXGroup;
			children = (
				7B8DCDD22BC66D2500D70C6C /* Preview Assets.xcassets */,
			);
			path = "Preview Content";
			sourceTree = "<group>";
		};
		7B8DCDDC2BC675FC00D70C6C /* Frameworks */ = {
			isa = PBXGroup;
			children = (
			);
			name = Frameworks;
			sourceTree = "<group>";
		};
/* End PBXGroup section */

/* Begin PBXNativeTarget section */
		7B8DCDC72BC66D2400D70C6C /* DermAssist */ = {
			isa = PBXNativeTarget;
			buildConfigurationList = 7B8DCDD62BC66D2500D70C6C /* Build configuration list for PBXNativeTarget "DermAssist" */;
			buildPhases = (
				7B8DCDC42BC66D2400D70C6C /* Sources */,
				7B8DCDC52BC66D2400D70C6C /* Frameworks */,
				7B8DCDC62BC66D2400D70C6C /* Resources */,
			);
			buildRules = (
			);
			dependencies = (
			);
			name = DermAssist;
			packageProductDependencies = (
				7B8DCDDD2BC675FC00D70C6C /* FirebaseAnalytics */,
				7B8DCDDF2BC675FC00D70C6C /* FirebaseAnalyticsOnDeviceConversion */,
				7B8DCDE12BC675FC00D70C6C /* FirebaseAnalyticsSwift */,
				7B8DCDE32BC675FC00D70C6C /* FirebaseAnalyticsWithoutAdIdSupport */,
				7B8DCDE52BC675FC00D70C6C /* FirebaseAppCheck */,
				7B8DCDE72BC675FC00D70C6C /* FirebaseAppDistribution-Beta */,
				7B8DCDE92BC675FC00D70C6C /* FirebaseAuth */,
				7B8DCDEB2BC675FC00D70C6C /* FirebaseAuthCombine-Community */,
				7B8DCDED2BC675FC00D70C6C /* FirebaseCrashlytics */,
				7B8DCDEF2BC675FC00D70C6C /* FirebaseDatabase */,
				7B8DCDF12BC675FC00D70C6C /* FirebaseDatabaseSwift */,
				7B8DCDF32BC675FC00D70C6C /* FirebaseDynamicLinks */,
				7B8DCDF52BC675FC00D70C6C /* FirebaseFirestore */,
				7B8DCDF72BC675FC00D70C6C /* FirebaseFirestoreCombine-Community */,
				7B8DCDF92BC675FC00D70C6C /* FirebaseFirestoreSwift */,
				7B8DCDFB2BC675FC00D70C6C /* FirebaseFunctions */,
				7B8DCDFD2BC675FC00D70C6C /* FirebaseFunctionsCombine-Community */,
				7B8DCDFF2BC675FC00D70C6C /* FirebaseInAppMessaging-Beta */,
				7B8DCE012BC675FC00D70C6C /* FirebaseInAppMessagingSwift-Beta */,
				7B8DCE032BC675FC00D70C6C /* FirebaseInstallations */,
				7B8DCE052BC675FC00D70C6C /* FirebaseMessaging */,
				7B8DCE072BC675FC00D70C6C /* FirebaseMLModelDownloader */,
				7B8DCE092BC675FC00D70C6C /* FirebasePerformance */,
				7B8DCE0B2BC675FC00D70C6C /* FirebaseRemoteConfig */,
				7B8DCE0D2BC675FC00D70C6C /* FirebaseRemoteConfigSwift */,
				7B8DCE0F2BC675FC00D70C6C /* FirebaseStorage */,
				7B8DCE112BC675FC00D70C6C /* FirebaseStorageCombine-Community */,
			);
			productName = DermAssist;
			productReference = 7B8DCDC82BC66D2400D70C6C /* DermAssist.app */;
			productType = "com.apple.product-type.application";
		};
/* End PBXNativeTarget section */

/* Begin PBXProject section */
		7B8DCDC02BC66D2400D70C6C /* Project object */ = {
			isa = PBXProject;
			attributes = {
				BuildIndependentTargetsInParallel = 1;
				LastSwiftUpdateCheck = 1530;
				LastUpgradeCheck = 1530;
				TargetAttributes = {
					7B8DCDC72BC66D2400D70C6C = {
						CreatedOnToolsVersion = 15.3;
					};
				};
			};
			buildConfigurationList = 7B8DCDC32BC66D2400D70C6C /* Build configuration list for PBXProject "DermAssist" */;
			compatibilityVersion = "Xcode 14.0";
			developmentRegion = en;
			hasScannedForEncodings = 0;
			knownRegions = (
				en,
				Base,
			);
			mainGroup = 7B8DCDBF2BC66D2400D70C6C;
			packageReferences = (
				7B8DCDDB2BC672EF00D70C6C /* XCRemoteSwiftPackageReference "firebase-ios-sdk" */,
			);
			productRefGroup = 7B8DCDC92BC66D2400D70C6C /* Products */;
			projectDirPath = "";
			projectRoot = "";
			targets = (
				7B8DCDC72BC66D2400D70C6C /* DermAssist */,
			);
		};
/* End PBXProject section */

/* Begin PBXResourcesBuildPhase section */
		7B8DCDC62BC66D2400D70C6C /* Resources */ = {
			isa = PBXResourcesBuildPhase;
			buildActionMask = 2147483647;
			files = (
				7B8DCDD32BC66D2500D70C6C /* Preview Assets.xcassets in Resources */,
				7B8DCDD02BC66D2500D70C6C /* Assets.xcassets in Resources */,
				7B8DCDDA2BC672A900D70C6C /* GoogleService-Info.plist in Resources */,
			);
			runOnlyForDeploymentPostprocessing = 0;
		};
/* End PBXResourcesBuildPhase section */

/* Begin PBXSourcesBuildPhase section */
		7B8DCDC42BC66D2400D70C6C /* Sources */ = {
			isa = PBXSourcesBuildPhase;
			buildActionMask = 2147483647;
			files = (
				7B8DCDCE2BC66D2400D70C6C /* ContentView.swift in Sources */,
				7B8DCDCC2BC66D2400D70C6C /* DermAssistApp.swift in Sources */,
			);
			runOnlyForDeploymentPostprocessing = 0;
		};
/* End PBXSourcesBuildPhase section */

/* Begin XCBuildConfiguration section */
		7B8DCDD42BC66D2500D70C6C /* Debug */ = {
			isa = XCBuildConfiguration;
			buildSettings = {
				ALWAYS_SEARCH_USER_PATHS = NO;
				ASSETCATALOG_COMPILER_GENERATE_SWIFT_ASSET_SYMBOL_EXTENSIONS = YES;
				CLANG_ANALYZER_NONNULL = YES;
				CLANG_ANALYZER_NUMBER_OBJECT_CONVERSION = YES_AGGRESSIVE;
				CLANG_CXX_LANGUAGE_STANDARD = "gnu++20";
				CLANG_ENABLE_MODULES = YES;
				CLANG_ENABLE_OBJC_ARC = YES;
				CLANG_ENABLE_OBJC_WEAK = YES;
				CLANG_WARN_BLOCK_CAPTURE_AUTORELEASING = YES;
				CLANG_WARN_BOOL_CONVERSION = YES;
				CLANG_WARN_COMMA = YES;
				CLANG_WARN_CONSTANT_CONVERSION = YES;
				CLANG_WARN_DEPRECATED_OBJC_IMPLEMENTATIONS = YES;
				CLANG_WARN_DIRECT_OBJC_ISA_USAGE = YES_ERROR;
				CLANG_WARN_DOCUMENTATION_COMMENTS = YES;
				CLANG_WARN_EMPTY_BODY = YES;
				CLANG_WARN_ENUM_CONVERSION = YES;
				CLANG_WARN_INFINITE_RECURSION = YES;
				CLANG_WARN_INT_CONVERSION = YES;
				CLANG_WARN_NON_LITERAL_NULL_CONVERSION = YES;
				CLANG_WARN_OBJC_IMPLICIT_RETAIN_SELF = YES;
				CLANG_WARN_OBJC_LITERAL_CONVERSION = YES;
				CLANG_WARN_OBJC_ROOT_CLASS = YES_ERROR;
				CLANG_WARN_QUOTED_INCLUDE_IN_FRAMEWORK_HEADER = YES;
				CLANG_WARN_RANGE_LOOP_ANALYSIS = YES;
				CLANG_WARN_STRICT_PROTOTYPES = YES;
				CLANG_WARN_SUSPICIOUS_MOVE = YES;
				CLANG_WARN_UNGUARDED_AVAILABILITY = YES_AGGRESSIVE;
				CLANG_WARN_UNREACHABLE_CODE = YES;
				CLANG_WARN__DUPLICATE_METHOD_MATCH = YES;
				COPY_PHASE_STRIP = NO;
				DEBUG_INFORMATION_FORMAT = dwarf;
				ENABLE_STRICT_OBJC_MSGSEND = YES;
				ENABLE_TESTABILITY = YES;
				ENABLE_USER_SCRIPT_SANDBOXING = YES;
				GCC_C_LANGUAGE_STANDARD = gnu17;
				GCC_DYNAMIC_NO_PIC = NO;
				GCC_NO_COMMON_BLOCKS = YES;
				GCC_OPTIMIZATION_LEVEL = 0;
				GCC_PREPROCESSOR_DEFINITIONS = (
					"DEBUG=1",
					"$(inherited)",
				);
				GCC_WARN_64_TO_32_BIT_CONVERSION = YES;
				GCC_WARN_ABOUT_RETURN_TYPE = YES_ERROR;
				GCC_WARN_UNDECLARED_SELECTOR = YES;
				GCC_WARN_UNINITIALIZED_AUTOS = YES_AGGRESSIVE;
				GCC_WARN_UNUSED_FUNCTION = YES;
				GCC_WARN_UNUSED_VARIABLE = YES;
				IPHONEOS_DEPLOYMENT_TARGET = 17.4;
				LOCALIZATION_PREFERS_STRING_CATALOGS = YES;
				MTL_ENABLE_DEBUG_INFO = INCLUDE_SOURCE;
				MTL_FAST_MATH = YES;
				ONLY_ACTIVE_ARCH = YES;
				SDKROOT = iphoneos;
				SWIFT_ACTIVE_COMPILATION_CONDITIONS = "DEBUG $(inherited)";
				SWIFT_OPTIMIZATION_LEVEL = "-Onone";
			};
			name = Debug;
		};
		7B8DCDD52BC66D2500D70C6C /* Release */ = {
			isa = XCBuildConfiguration;
			buildSettings = {
				ALWAYS_SEARCH_USER_PATHS = NO;
				ASSETCATALOG_COMPILER_GENERATE_SWIFT_ASSET_SYMBOL_EXTENSIONS = YES;
				CLANG_ANALYZER_NONNULL = YES;
				CLANG_ANALYZER_NUMBER_OBJECT_CONVERSION = YES_AGGRESSIVE;
				CLANG_CXX_LANGUAGE_STANDARD = "gnu++20";
				CLANG_ENABLE_MODULES = YES;
				CLANG_ENABLE_OBJC_ARC = YES;
				CLANG_ENABLE_OBJC_WEAK = YES;
				CLANG_WARN_BLOCK_CAPTURE_AUTORELEASING = YES;
				CLANG_WARN_BOOL_CONVERSION = YES;
				CLANG_WARN_COMMA = YES;
				CLANG_WARN_CONSTANT_CONVERSION = YES;
				CLANG_WARN_DEPRECATED_OBJC_IMPLEMENTATIONS = YES;
				CLANG_WARN_DIRECT_OBJC_ISA_USAGE = YES_ERROR;
				CLANG_WARN_DOCUMENTATION_COMMENTS = YES;
				CLANG_WARN_EMPTY_BODY = YES;
				CLANG_WARN_ENUM_CONVERSION = YES;
				CLANG_WARN_INFINITE_RECURSION = YES;
				CLANG_WARN_INT_CONVERSION = YES;
				CLANG_WARN_NON_LITERAL_NULL_CONVERSION = YES;
				CLANG_WARN_OBJC_IMPLICIT_RETAIN_SELF = YES;
				CLANG_WARN_OBJC_LITERAL_CONVERSION = YES;
				CLANG_WARN_OBJC_ROOT_CLASS = YES_ERROR;
				CLANG_WARN_QUOTED_INCLUDE_IN_FRAMEWORK_HEADER = YES;
				CLANG_WARN_RANGE_LOOP_ANALYSIS = YES;
				CLANG_WARN_STRICT_PROTOTYPES = YES;
				CLANG_WARN_SUSPICIOUS_MOVE = YES;
				CLANG_WARN_UNGUARDED_AVAILABILITY = YES_AGGRESSIVE;
				CLANG_WARN_UNREACHABLE_CODE = YES;
				CLANG_WARN__DUPLICATE_METHOD_MATCH = YES;
				COPY_PHASE_STRIP = NO;
				DEBUG_INFORMATION_FORMAT = "dwarf-with-dsym";
				ENABLE_NS_ASSERTIONS = NO;
				ENABLE_STRICT_OBJC_MSGSEND = YES;
				ENABLE_USER_SCRIPT_SANDBOXING = YES;
				GCC_C_LANGUAGE_STANDARD = gnu17;
				GCC_NO_COMMON_BLOCKS = YES;
				GCC_WARN_64_TO_32_BIT_CONVERSION = YES;
				GCC_WARN_ABOUT_RETURN_TYPE = YES_ERROR;
				GCC_WARN_UNDECLARED_SELECTOR = YES;
				GCC_WARN_UNINITIALIZED_AUTOS = YES_AGGRESSIVE;
				GCC_WARN_UNUSED_FUNCTION = YES;
				GCC_WARN_UNUSED_VARIABLE = YES;
				IPHONEOS_DEPLOYMENT_TARGET = 17.4;
				LOCALIZATION_PREFERS_STRING_CATALOGS = YES;
				MTL_ENABLE_DEBUG_INFO = NO;
				MTL_FAST_MATH = YES;
				SDKROOT = iphoneos;
				SWIFT_COMPILATION_MODE = wholemodule;
				VALIDATE_PRODUCT = YES;
			};
			name = Release;
		};
		7B8DCDD72BC66D2500D70C6C /* Debug */ = {
			isa = XCBuildConfiguration;
			buildSettings = {
				ASSETCATALOG_COMPILER_APPICON_NAME = AppIcon;
				ASSETCATALOG_COMPILER_GLOBAL_ACCENT_COLOR_NAME = AccentColor;
				CODE_SIGN_STYLE = Automatic;
				CURRENT_PROJECT_VERSION = 1;
				DEVELOPMENT_ASSET_PATHS = "\"DermAssist/Preview Content\"";
				DEVELOPMENT_TEAM = X57M4G4AV9;
				ENABLE_PREVIEWS = YES;
				GENERATE_INFOPLIST_FILE = YES;
				INFOPLIST_KEY_UIApplicationSceneManifest_Generation = YES;
				INFOPLIST_KEY_UIApplicationSupportsIndirectInputEvents = YES;
				INFOPLIST_KEY_UILaunchScreen_Generation = YES;
				INFOPLIST_KEY_UISupportedInterfaceOrientations_iPad = "UIInterfaceOrientationPortrait UIInterfaceOrientationPortraitUpsideDown UIInterfaceOrientationLandscapeLeft UIInterfaceOrientationLandscapeRight";
				INFOPLIST_KEY_UISupportedInterfaceOrientations_iPhone = "UIInterfaceOrientationPortrait UIInterfaceOrientationLandscapeLeft UIInterfaceOrientationLandscapeRight";
				LD_RUNPATH_SEARCH_PATHS = (
					"$(inherited)",
					"@executable_path/Frameworks",
				);
				MARKETING_VERSION = 1.0;
				PRODUCT_BUNDLE_IDENTIFIER = th.ac.tu.student.6410685033.DermAssist;
				PRODUCT_NAME = "$(TARGET_NAME)";
				SWIFT_EMIT_LOC_STRINGS = YES;
				SWIFT_VERSION = 5.0;
				TARGETED_DEVICE_FAMILY = "1,2";
			};
			name = Debug;
		};
		7B8DCDD82BC66D2500D70C6C /* Release */ = {
			isa = XCBuildConfiguration;
			buildSettings = {
				ASSETCATALOG_COMPILER_APPICON_NAME = AppIcon;
				ASSETCATALOG_COMPILER_GLOBAL_ACCENT_COLOR_NAME = AccentColor;
				CODE_SIGN_STYLE = Automatic;
				CURRENT_PROJECT_VERSION = 1;
				DEVELOPMENT_ASSET_PATHS = "\"DermAssist/Preview Content\"";
				DEVELOPMENT_TEAM = X57M4G4AV9;
				ENABLE_PREVIEWS = YES;
				GENERATE_INFOPLIST_FILE = YES;
				INFOPLIST_KEY_UIApplicationSceneManifest_Generation = YES;
				INFOPLIST_KEY_UIApplicationSupportsIndirectInputEvents = YES;
				INFOPLIST_KEY_UILaunchScreen_Generation = YES;
				INFOPLIST_KEY_UISupportedInterfaceOrientations_iPad = "UIInterfaceOrientationPortrait UIInterfaceOrientationPortraitUpsideDown UIInterfaceOrientationLandscapeLeft UIInterfaceOrientationLandscapeRight";
				INFOPLIST_KEY_UISupportedInterfaceOrientations_iPhone = "UIInterfaceOrientationPortrait UIInterfaceOrientationLandscapeLeft UIInterfaceOrientationLandscapeRight";
				LD_RUNPATH_SEARCH_PATHS = (
					"$(inherited)",
					"@executable_path/Frameworks",
				);
				MARKETING_VERSION = 1.0;
				PRODUCT_BUNDLE_IDENTIFIER = th.ac.tu.student.6410685033.DermAssist;
				PRODUCT_NAME = "$(TARGET_NAME)";
				SWIFT_EMIT_LOC_STRINGS = YES;
				SWIFT_VERSION = 5.0;
				TARGETED_DEVICE_FAMILY = "1,2";
			};
			name = Release;
		};
/* End XCBuildConfiguration section */

/* Begin XCConfigurationList section */
		7B8DCDC32BC66D2400D70C6C /* Build configuration list for PBXProject "DermAssist" */ = {
			isa = XCConfigurationList;
			buildConfigurations = (
				7B8DCDD42BC66D2500D70C6C /* Debug */,
				7B8DCDD52BC66D2500D70C6C /* Release */,
			);
			defaultConfigurationIsVisible = 0;
			defaultConfigurationName = Release;
		};
		7B8DCDD62BC66D2500D70C6C /* Build configuration list for PBXNativeTarget "DermAssist" */ = {
			isa = XCConfigurationList;
			buildConfigurations = (
				7B8DCDD72BC66D2500D70C6C /* Debug */,
				7B8DCDD82BC66D2500D70C6C /* Release */,
			);
			defaultConfigurationIsVisible = 0;
			defaultConfigurationName = Release;
		};
/* End XCConfigurationList section */

/* Begin XCRemoteSwiftPackageReference section */
		7B8DCDDB2BC672EF00D70C6C /* XCRemoteSwiftPackageReference "firebase-ios-sdk" */ = {
			isa = XCRemoteSwiftPackageReference;
			repositoryURL = "https://github.com/firebase/firebase-ios-sdk";
			requirement = {
				kind = upToNextMajorVersion;
				minimumVersion = 10.24.0;
			};
		};
/* End XCRemoteSwiftPackageReference section */

/* Begin XCSwiftPackageProductDependency section */
		7B8DCDDD2BC675FC00D70C6C /* FirebaseAnalytics */ = {
			isa = XCSwiftPackageProductDependency;
			package = 7B8DCDDB2BC672EF00D70C6C /* XCRemoteSwiftPackageReference "firebase-ios-sdk" */;
			productName = FirebaseAnalytics;
		};
		7B8DCDDF2BC675FC00D70C6C /* FirebaseAnalyticsOnDeviceConversion */ = {
			isa = XCSwiftPackageProductDependency;
			package = 7B8DCDDB2BC672EF00D70C6C /* XCRemoteSwiftPackageReference "firebase-ios-sdk" */;
			productName = FirebaseAnalyticsOnDeviceConversion;
		};
		7B8DCDE12BC675FC00D70C6C /* FirebaseAnalyticsSwift */ = {
			isa = XCSwiftPackageProductDependency;
			package = 7B8DCDDB2BC672EF00D70C6C /* XCRemoteSwiftPackageReference "firebase-ios-sdk" */;
			productName = FirebaseAnalyticsSwift;
		};
		7B8DCDE32BC675FC00D70C6C /* FirebaseAnalyticsWithoutAdIdSupport */ = {
			isa = XCSwiftPackageProductDependency;
			package = 7B8DCDDB2BC672EF00D70C6C /* XCRemoteSwiftPackageReference "firebase-ios-sdk" */;
			productName = FirebaseAnalyticsWithoutAdIdSupport;
		};
		7B8DCDE52BC675FC00D70C6C /* FirebaseAppCheck */ = {
			isa = XCSwiftPackageProductDependency;
			package = 7B8DCDDB2BC672EF00D70C6C /* XCRemoteSwiftPackageReference "firebase-ios-sdk" */;
			productName = FirebaseAppCheck;
		};
		7B8DCDE72BC675FC00D70C6C /* FirebaseAppDistribution-Beta */ = {
			isa = XCSwiftPackageProductDependency;
			package = 7B8DCDDB2BC672EF00D70C6C /* XCRemoteSwiftPackageReference "firebase-ios-sdk" */;
			productName = "FirebaseAppDistribution-Beta";
		};
		7B8DCDE92BC675FC00D70C6C /* FirebaseAuth */ = {
			isa = XCSwiftPackageProductDependency;
			package = 7B8DCDDB2BC672EF00D70C6C /* XCRemoteSwiftPackageReference "firebase-ios-sdk" */;
			productName = FirebaseAuth;
		};
		7B8DCDEB2BC675FC00D70C6C /* FirebaseAuthCombine-Community */ = {
			isa = XCSwiftPackageProductDependency;
			package = 7B8DCDDB2BC672EF00D70C6C /* XCRemoteSwiftPackageReference "firebase-ios-sdk" */;
			productName = "FirebaseAuthCombine-Community";
		};
		7B8DCDED2BC675FC00D70C6C /* FirebaseCrashlytics */ = {
			isa = XCSwiftPackageProductDependency;
			package = 7B8DCDDB2BC672EF00D70C6C /* XCRemoteSwiftPackageReference "firebase-ios-sdk" */;
			productName = FirebaseCrashlytics;
		};
		7B8DCDEF2BC675FC00D70C6C /* FirebaseDatabase */ = {
			isa = XCSwiftPackageProductDependency;
			package = 7B8DCDDB2BC672EF00D70C6C /* XCRemoteSwiftPackageReference "firebase-ios-sdk" */;
			productName = FirebaseDatabase;
		};
		7B8DCDF12BC675FC00D70C6C /* FirebaseDatabaseSwift */ = {
			isa = XCSwiftPackageProductDependency;
			package = 7B8DCDDB2BC672EF00D70C6C /* XCRemoteSwiftPackageReference "firebase-ios-sdk" */;
			productName = FirebaseDatabaseSwift;
		};
		7B8DCDF32BC675FC00D70C6C /* FirebaseDynamicLinks */ = {
			isa = XCSwiftPackageProductDependency;
			package = 7B8DCDDB2BC672EF00D70C6C /* XCRemoteSwiftPackageReference "firebase-ios-sdk" */;
			productName = FirebaseDynamicLinks;
		};
		7B8DCDF52BC675FC00D70C6C /* FirebaseFirestore */ = {
			isa = XCSwiftPackageProductDependency;
			package = 7B8DCDDB2BC672EF00D70C6C /* XCRemoteSwiftPackageReference "firebase-ios-sdk" */;
			productName = FirebaseFirestore;
		};
		7B8DCDF72BC675FC00D70C6C /* FirebaseFirestoreCombine-Community */ = {
			isa = XCSwiftPackageProductDependency;
			package = 7B8DCDDB2BC672EF00D70C6C /* XCRemoteSwiftPackageReference "firebase-ios-sdk" */;
			productName = "FirebaseFirestoreCombine-Community";
		};
		7B8DCDF92BC675FC00D70C6C /* FirebaseFirestoreSwift */ = {
			isa = XCSwiftPackageProductDependency;
			package = 7B8DCDDB2BC672EF00D70C6C /* XCRemoteSwiftPackageReference "firebase-ios-sdk" */;
			productName = FirebaseFirestoreSwift;
		};
		7B8DCDFB2BC675FC00D70C6C /* FirebaseFunctions */ = {
			isa = XCSwiftPackageProductDependency;
			package = 7B8DCDDB2BC672EF00D70C6C /* XCRemoteSwiftPackageReference "firebase-ios-sdk" */;
			productName = FirebaseFunctions;
		};
		7B8DCDFD2BC675FC00D70C6C /* FirebaseFunctionsCombine-Community */ = {
			isa = XCSwiftPackageProductDependency;
			package = 7B8DCDDB2BC672EF00D70C6C /* XCRemoteSwiftPackageReference "firebase-ios-sdk" */;
			productName = "FirebaseFunctionsCombine-Community";
		};
		7B8DCDFF2BC675FC00D70C6C /* FirebaseInAppMessaging-Beta */ = {
			isa = XCSwiftPackageProductDependency;
			package = 7B8DCDDB2BC672EF00D70C6C /* XCRemoteSwiftPackageReference "firebase-ios-sdk" */;
			productName = "FirebaseInAppMessaging-Beta";
		};
		7B8DCE012BC675FC00D70C6C /* FirebaseInAppMessagingSwift-Beta */ = {
			isa = XCSwiftPackageProductDependency;
			package = 7B8DCDDB2BC672EF00D70C6C /* XCRemoteSwiftPackageReference "firebase-ios-sdk" */;
			productName = "FirebaseInAppMessagingSwift-Beta";
		};
		7B8DCE032BC675FC00D70C6C /* FirebaseInstallations */ = {
			isa = XCSwiftPackageProductDependency;
			package = 7B8DCDDB2BC672EF00D70C6C /* XCRemoteSwiftPackageReference "firebase-ios-sdk" */;
			productName = FirebaseInstallations;
		};
		7B8DCE052BC675FC00D70C6C /* FirebaseMessaging */ = {
			isa = XCSwiftPackageProductDependency;
			package = 7B8DCDDB2BC672EF00D70C6C /* XCRemoteSwiftPackageReference "firebase-ios-sdk" */;
			productName = FirebaseMessaging;
		};
		7B8DCE072BC675FC00D70C6C /* FirebaseMLModelDownloader */ = {
			isa = XCSwiftPackageProductDependency;
			package = 7B8DCDDB2BC672EF00D70C6C /* XCRemoteSwiftPackageReference "firebase-ios-sdk" */;
			productName = FirebaseMLModelDownloader;
		};
		7B8DCE092BC675FC00D70C6C /* FirebasePerformance */ = {
			isa = XCSwiftPackageProductDependency;
			package = 7B8DCDDB2BC672EF00D70C6C /* XCRemoteSwiftPackageReference "firebase-ios-sdk" */;
			productName = FirebasePerformance;
		};
		7B8DCE0B2BC675FC00D70C6C /* FirebaseRemoteConfig */ = {
			isa = XCSwiftPackageProductDependency;
			package = 7B8DCDDB2BC672EF00D70C6C /* XCRemoteSwiftPackageReference "firebase-ios-sdk" */;
			productName = FirebaseRemoteConfig;
		};
		7B8DCE0D2BC675FC00D70C6C /* FirebaseRemoteConfigSwift */ = {
			isa = XCSwiftPackageProductDependency;
			package = 7B8DCDDB2BC672EF00D70C6C /* XCRemoteSwiftPackageReference "firebase-ios-sdk" */;
			productName = FirebaseRemoteConfigSwift;
		};
		7B8DCE0F2BC675FC00D70C6C /* FirebaseStorage */ = {
			isa = XCSwiftPackageProductDependency;
			package = 7B8DCDDB2BC672EF00D70C6C /* XCRemoteSwiftPackageReference "firebase-ios-sdk" */;
			productName = FirebaseStorage;
		};
		7B8DCE112BC675FC00D70C6C /* FirebaseStorageCombine-Community */ = {
			isa = XCSwiftPackageProductDependency;
			package = 7B8DCDDB2BC672EF00D70C6C /* XCRemoteSwiftPackageReference "firebase-ios-sdk" */;
			productName = "FirebaseStorageCombine-Community";
		};
/* End XCSwiftPackageProductDependency section */
	};
	rootObject = 7B8DCDC02BC66D2400D70C6C /* Project object */;
}
