// !$*UTF8*$!
{
	archiveVersion = 1;
	classes = {
	};
	objectVersion = 56;
	objects = {

/* Begin PBXBuildFile section */
		7B159A522BCC3AB0009A2B27 /* GeminiManager.swift in Sources */ = {isa = PBXBuildFile; fileRef = 7B159A512BCC3AB0009A2B27 /* GeminiManager.swift */; };
		7B159A542BCC4DD8009A2B27 /* EditProfileView.swift in Sources */ = {isa = PBXBuildFile; fileRef = 7B159A532BCC4DD8009A2B27 /* EditProfileView.swift */; };
		7B159A562BCCEF78009A2B27 /* PharmacyManager.swift in Sources */ = {isa = PBXBuildFile; fileRef = 7B159A552BCCEF78009A2B27 /* PharmacyManager.swift */; };
		7B159A582BCD1CB5009A2B27 /* Allergen.swift in Sources */ = {isa = PBXBuildFile; fileRef = 7B159A572BCD1CB5009A2B27 /* Allergen.swift */; };
		7B159A5A2BCD1CD8009A2B27 /* NewAllergenView.swift in Sources */ = {isa = PBXBuildFile; fileRef = 7B159A592BCD1CD8009A2B27 /* NewAllergenView.swift */; };
		7B159A5C2BCD1CFF009A2B27 /* NewAllegenViewModel.swift in Sources */ = {isa = PBXBuildFile; fileRef = 7B159A5B2BCD1CFF009A2B27 /* NewAllegenViewModel.swift */; };
		7B21CF002BC68588006224CB /* ChatView.swift in Sources */ = {isa = PBXBuildFile; fileRef = 7B21CEFF2BC68588006224CB /* ChatView.swift */; };
		7B21CF032BC6859F006224CB /* ChatViewModel.swift in Sources */ = {isa = PBXBuildFile; fileRef = 7B21CF022BC6859F006224CB /* ChatViewModel.swift */; };
		7B2221C72BC69B6C00D5DECF /* ManageView.swift in Sources */ = {isa = PBXBuildFile; fileRef = 7B2221C62BC69B6C00D5DECF /* ManageView.swift */; };
		7B2221CA2BC6A71E00D5DECF /* ManageViewModel.swift in Sources */ = {isa = PBXBuildFile; fileRef = 7B2221C92BC6A71E00D5DECF /* ManageViewModel.swift */; };
		7B2221CC2BC6A92300D5DECF /* UserManageView.swift in Sources */ = {isa = PBXBuildFile; fileRef = 7B2221CB2BC6A92300D5DECF /* UserManageView.swift */; };
		7B2221CE2BC6AC4700D5DECF /* UserManageViewModel.swift in Sources */ = {isa = PBXBuildFile; fileRef = 7B2221CD2BC6AC4700D5DECF /* UserManageViewModel.swift */; };
		7B22432B2BE25447009D4429 /* ProductManageView.swift in Sources */ = {isa = PBXBuildFile; fileRef = 7B22432A2BE25447009D4429 /* ProductManageView.swift */; };
		7B22432F2BE25CBF009D4429 /* AllergenManageViewModel.swift in Sources */ = {isa = PBXBuildFile; fileRef = 7B22432E2BE25CBF009D4429 /* AllergenManageViewModel.swift */; };
		7B28ECE12BE3A06000690372 /* EditPostView.swift in Sources */ = {isa = PBXBuildFile; fileRef = 7B28ECE02BE3A06000690372 /* EditPostView.swift */; };
		7B4093AB2BE37CF200080679 /* ProductManageViewModel.swift in Sources */ = {isa = PBXBuildFile; fileRef = 7B4093AA2BE37CF200080679 /* ProductManageViewModel.swift */; };
		7B4D5C642BCAF1B60076F710 /* GoogleGenerativeAI in Frameworks */ = {isa = PBXBuildFile; productRef = 7B4D5C632BCAF1B60076F710 /* GoogleGenerativeAI */; };
		7B4D5C662BCAF90E0076F710 /* LocationManager.swift in Sources */ = {isa = PBXBuildFile; fileRef = 7B4D5C652BCAF90E0076F710 /* LocationManager.swift */; };
		7B4D5C682BCAFA4A0076F710 /* LoadingView.swift in Sources */ = {isa = PBXBuildFile; fileRef = 7B4D5C672BCAFA4A0076F710 /* LoadingView.swift */; };
		7B5A52422BCE6239000DBDDE /* PinButton.swift in Sources */ = {isa = PBXBuildFile; fileRef = 7B5A52412BCE6239000DBDDE /* PinButton.swift */; };
		7B6F2C122BE2493100042061 /* AllergenManageView.swift in Sources */ = {isa = PBXBuildFile; fileRef = 7B6F2C112BE2493100042061 /* AllergenManageView.swift */; };
		7B7843972BCED34E0047A679 /* AllergenView.swift in Sources */ = {isa = PBXBuildFile; fileRef = 7B7843962BCED34E0047A679 /* AllergenView.swift */; };
		7B8DCDD32BC66D2500D70C6C /* Preview Assets.xcassets in Resources */ = {isa = PBXBuildFile; fileRef = 7B8DCDD22BC66D2500D70C6C /* Preview Assets.xcassets */; };
		7B8DCDDE2BC675FC00D70C6C /* FirebaseAnalytics in Frameworks */ = {isa = PBXBuildFile; productRef = 7B8DCDDD2BC675FC00D70C6C /* FirebaseAnalytics */; };
		7B8DCDE02BC675FC00D70C6C /* FirebaseAnalyticsOnDeviceConversion in Frameworks */ = {isa = PBXBuildFile; productRef = 7B8DCDDF2BC675FC00D70C6C /* FirebaseAnalyticsOnDeviceConversion */; };
		7B8DCDE22BC675FC00D70C6C /* FirebaseAnalyticsSwift in Frameworks */ = {isa = PBXBuildFile; productRef = 7B8DCDE12BC675FC00D70C6C /* FirebaseAnalyticsSwift */; };
		7B8DCDE42BC675FC00D70C6C /* FirebaseAnalyticsWithoutAdIdSupport in Frameworks */ = {isa = PBXBuildFile; productRef = 7B8DCDE32BC675FC00D70C6C /* FirebaseAnalyticsWithoutAdIdSupport */; };
		7B8DCDE62BC675FC00D70C6C /* FirebaseAppCheck in Frameworks */ = {isa = PBXBuildFile; productRef = 7B8DCDE52BC675FC00D70C6C /* FirebaseAppCheck */; };
		7B8DCDE82BC675FC00D70C6C /* FirebaseAppDistribution-Beta in Frameworks */ = {isa = PBXBuildFile; productRef = 7B8DCDE72BC675FC00D70C6C /* FirebaseAppDistribution-Beta */; };
		7B8DCDEA2BC675FC00D70C6C /* FirebaseAuth in Frameworks */ = {isa = PBXBuildFile; productRef = 7B8DCDE92BC675FC00D70C6C /* FirebaseAuth */; };
		7B8DCDEC2BC675FC00D70C6C /* FirebaseAuthCombine-Community in Frameworks */ = {isa = PBXBuildFile; productRef = 7B8DCDEB2BC675FC00D70C6C /* FirebaseAuthCombine-Community */; };
		7B8DCDEE2BC675FC00D70C6C /* FirebaseCrashlytics in Frameworks */ = {isa = PBXBuildFile; productRef = 7B8DCDED2BC675FC00D70C6C /* FirebaseCrashlytics */; };
		7B8DCDF02BC675FC00D70C6C /* FirebaseDatabase in Frameworks */ = {isa = PBXBuildFile; productRef = 7B8DCDEF2BC675FC00D70C6C /* FirebaseDatabase */; };
		7B8DCDF22BC675FC00D70C6C /* FirebaseDatabaseSwift in Frameworks */ = {isa = PBXBuildFile; productRef = 7B8DCDF12BC675FC00D70C6C /* FirebaseDatabaseSwift */; };
		7B8DCDF42BC675FC00D70C6C /* FirebaseDynamicLinks in Frameworks */ = {isa = PBXBuildFile; productRef = 7B8DCDF32BC675FC00D70C6C /* FirebaseDynamicLinks */; };
		7B8DCDF62BC675FC00D70C6C /* FirebaseFirestore in Frameworks */ = {isa = PBXBuildFile; productRef = 7B8DCDF52BC675FC00D70C6C /* FirebaseFirestore */; };
		7B8DCDF82BC675FC00D70C6C /* FirebaseFirestoreCombine-Community in Frameworks */ = {isa = PBXBuildFile; productRef = 7B8DCDF72BC675FC00D70C6C /* FirebaseFirestoreCombine-Community */; };
		7B8DCDFA2BC675FC00D70C6C /* FirebaseFirestoreSwift in Frameworks */ = {isa = PBXBuildFile; productRef = 7B8DCDF92BC675FC00D70C6C /* FirebaseFirestoreSwift */; };
		7B8DCDFC2BC675FC00D70C6C /* FirebaseFunctions in Frameworks */ = {isa = PBXBuildFile; productRef = 7B8DCDFB2BC675FC00D70C6C /* FirebaseFunctions */; };
		7B8DCDFE2BC675FC00D70C6C /* FirebaseFunctionsCombine-Community in Frameworks */ = {isa = PBXBuildFile; productRef = 7B8DCDFD2BC675FC00D70C6C /* FirebaseFunctionsCombine-Community */; };
		7B8DCE002BC675FC00D70C6C /* FirebaseInAppMessaging-Beta in Frameworks */ = {isa = PBXBuildFile; productRef = 7B8DCDFF2BC675FC00D70C6C /* FirebaseInAppMessaging-Beta */; };
		7B8DCE022BC675FC00D70C6C /* FirebaseInAppMessagingSwift-Beta in Frameworks */ = {isa = PBXBuildFile; productRef = 7B8DCE012BC675FC00D70C6C /* FirebaseInAppMessagingSwift-Beta */; };
		7B8DCE042BC675FC00D70C6C /* FirebaseInstallations in Frameworks */ = {isa = PBXBuildFile; productRef = 7B8DCE032BC675FC00D70C6C /* FirebaseInstallations */; };
		7B8DCE062BC675FC00D70C6C /* FirebaseMessaging in Frameworks */ = {isa = PBXBuildFile; productRef = 7B8DCE052BC675FC00D70C6C /* FirebaseMessaging */; };
		7B8DCE082BC675FC00D70C6C /* FirebaseMLModelDownloader in Frameworks */ = {isa = PBXBuildFile; productRef = 7B8DCE072BC675FC00D70C6C /* FirebaseMLModelDownloader */; };
		7B8DCE0A2BC675FC00D70C6C /* FirebasePerformance in Frameworks */ = {isa = PBXBuildFile; productRef = 7B8DCE092BC675FC00D70C6C /* FirebasePerformance */; };
		7B8DCE0C2BC675FC00D70C6C /* FirebaseRemoteConfig in Frameworks */ = {isa = PBXBuildFile; productRef = 7B8DCE0B2BC675FC00D70C6C /* FirebaseRemoteConfig */; };
		7B8DCE0E2BC675FC00D70C6C /* FirebaseRemoteConfigSwift in Frameworks */ = {isa = PBXBuildFile; productRef = 7B8DCE0D2BC675FC00D70C6C /* FirebaseRemoteConfigSwift */; };
		7B8DCE102BC675FC00D70C6C /* FirebaseStorage in Frameworks */ = {isa = PBXBuildFile; productRef = 7B8DCE0F2BC675FC00D70C6C /* FirebaseStorage */; };
		7B8DCE122BC675FC00D70C6C /* FirebaseStorageCombine-Community in Frameworks */ = {isa = PBXBuildFile; productRef = 7B8DCE112BC675FC00D70C6C /* FirebaseStorageCombine-Community */; };
		7BCD6E352BD4F3A7000F6162 /* NewProductViewModel.swift in Sources */ = {isa = PBXBuildFile; fileRef = 7BCD6E342BD4F3A7000F6162 /* NewProductViewModel.swift */; };
		7BCD6E372BD4F3B8000F6162 /* NewProductView.swift in Sources */ = {isa = PBXBuildFile; fileRef = 7BCD6E362BD4F3B8000F6162 /* NewProductView.swift */; };
		7BCD6E392BD4F3DB000F6162 /* Product.swift in Sources */ = {isa = PBXBuildFile; fileRef = 7BCD6E382BD4F3DB000F6162 /* Product.swift */; };
		7BD830152BE234170081411D /* DoctorToolView.swift in Sources */ = {isa = PBXBuildFile; fileRef = 7BD830142BE234170081411D /* DoctorToolView.swift */; };
		CE6C33722BC67CB700D754A8 /* HeaderView.swift in Sources */ = {isa = PBXBuildFile; fileRef = CE6C335F2BC67CB700D754A8 /* HeaderView.swift */; };
		CE6C33732BC67CB700D754A8 /* LoginView.swift in Sources */ = {isa = PBXBuildFile; fileRef = CE6C33602BC67CB700D754A8 /* LoginView.swift */; };
		CE6C33742BC67CB700D754A8 /* MainView.swift in Sources */ = {isa = PBXBuildFile; fileRef = CE6C33612BC67CB700D754A8 /* MainView.swift */; };
		CE6C33752BC67CB700D754A8 /* ProfileView.swift in Sources */ = {isa = PBXBuildFile; fileRef = CE6C33622BC67CB700D754A8 /* ProfileView.swift */; };
		CE6C33762BC67CB700D754A8 /* RegisterView.swift in Sources */ = {isa = PBXBuildFile; fileRef = CE6C33632BC67CB700D754A8 /* RegisterView.swift */; };
		CE6C33772BC67CB700D754A8 /* TLButton.swift in Sources */ = {isa = PBXBuildFile; fileRef = CE6C33642BC67CB700D754A8 /* TLButton.swift */; };
		CE6C33782BC67CB700D754A8 /* User.swift in Sources */ = {isa = PBXBuildFile; fileRef = CE6C33662BC67CB700D754A8 /* User.swift */; };
		CE6C33792BC67CB700D754A8 /* Assets.xcassets in Resources */ = {isa = PBXBuildFile; fileRef = CE6C33682BC67CB700D754A8 /* Assets.xcassets */; };
		CE6C337A2BC67CB700D754A8 /* DermAssistApp.swift in Sources */ = {isa = PBXBuildFile; fileRef = CE6C33692BC67CB700D754A8 /* DermAssistApp.swift */; };
		CE6C337B2BC67CB700D754A8 /* Extension.swift in Sources */ = {isa = PBXBuildFile; fileRef = CE6C336A2BC67CB700D754A8 /* Extension.swift */; };
		CE6C337C2BC67CB700D754A8 /* GoogleService-Info.plist in Resources */ = {isa = PBXBuildFile; fileRef = CE6C336B2BC67CB700D754A8 /* GoogleService-Info.plist */; };
		CE6C337D2BC67CB700D754A8 /* LoginViewModel.swift in Sources */ = {isa = PBXBuildFile; fileRef = CE6C336D2BC67CB700D754A8 /* LoginViewModel.swift */; };
		CE6C337E2BC67CB700D754A8 /* MainViewModel.swift in Sources */ = {isa = PBXBuildFile; fileRef = CE6C336E2BC67CB700D754A8 /* MainViewModel.swift */; };
		CE6C337F2BC67CB700D754A8 /* ProfileViewModel.swift in Sources */ = {isa = PBXBuildFile; fileRef = CE6C336F2BC67CB700D754A8 /* ProfileViewModel.swift */; };
		CE6C33802BC67CB700D754A8 /* RegisterViewModel.swift in Sources */ = {isa = PBXBuildFile; fileRef = CE6C33702BC67CB700D754A8 /* RegisterViewModel.swift */; };
		CE6C33822BC67D8C00D754A8 /* Post.swift in Sources */ = {isa = PBXBuildFile; fileRef = CE6C33812BC67D8C00D754A8 /* Post.swift */; };
		CE6C33872BC67E2400D754A8 /* AnnounceView.swift in Sources */ = {isa = PBXBuildFile; fileRef = CE6C33862BC67E2400D754A8 /* AnnounceView.swift */; };
		CE6C33892BC67E5200D754A8 /* CommentView.swift in Sources */ = {isa = PBXBuildFile; fileRef = CE6C33882BC67E5200D754A8 /* CommentView.swift */; };
		CE6C338B2BC67E6C00D754A8 /* AnnounceItemView.swift in Sources */ = {isa = PBXBuildFile; fileRef = CE6C338A2BC67E6C00D754A8 /* AnnounceItemView.swift */; };
		CE6C338D2BC67E8C00D754A8 /* PostView.swift in Sources */ = {isa = PBXBuildFile; fileRef = CE6C338C2BC67E8C00D754A8 /* PostView.swift */; };
		CE6C338F2BC67EA100D754A8 /* NewPostView.swift in Sources */ = {isa = PBXBuildFile; fileRef = CE6C338E2BC67EA100D754A8 /* NewPostView.swift */; };
		CE6C33912BC67EBF00D754A8 /* LikeUserView.swift in Sources */ = {isa = PBXBuildFile; fileRef = CE6C33902BC67EBF00D754A8 /* LikeUserView.swift */; };
		CE6C33962BC67F1200D754A8 /* AnnounceViewModel.swift in Sources */ = {isa = PBXBuildFile; fileRef = CE6C33952BC67F1200D754A8 /* AnnounceViewModel.swift */; };
		CE6C33982BC67F3600D754A8 /* PostViewModel.swift in Sources */ = {isa = PBXBuildFile; fileRef = CE6C33972BC67F3600D754A8 /* PostViewModel.swift */; };
		CE6C339A2BC67F5100D754A8 /* NewPostViewModel.swift in Sources */ = {isa = PBXBuildFile; fileRef = CE6C33992BC67F5100D754A8 /* NewPostViewModel.swift */; };
		CE6C339C2BC67F6800D754A8 /* CommentViewModel.swift in Sources */ = {isa = PBXBuildFile; fileRef = CE6C339B2BC67F6800D754A8 /* CommentViewModel.swift */; };
		CE6C33C22BC843A200D754A8 /* NewChatView.swift in Sources */ = {isa = PBXBuildFile; fileRef = CE6C33BF2BC843A200D754A8 /* NewChatView.swift */; };
		CE6C33C32BC843A200D754A8 /* ChatDetailView.swift in Sources */ = {isa = PBXBuildFile; fileRef = CE6C33C02BC843A200D754A8 /* ChatDetailView.swift */; };
		CE6C33C42BC843A200D754A8 /* ChatItemView.swift in Sources */ = {isa = PBXBuildFile; fileRef = CE6C33C12BC843A200D754A8 /* ChatItemView.swift */; };
		CE6C33C82BC843C700D754A8 /* ChatItemViewModel.swift in Sources */ = {isa = PBXBuildFile; fileRef = CE6C33C52BC843C700D754A8 /* ChatItemViewModel.swift */; };
		CE6C33C92BC843C700D754A8 /* ChatDetailViewModel.swift in Sources */ = {isa = PBXBuildFile; fileRef = CE6C33C62BC843C700D754A8 /* ChatDetailViewModel.swift */; };
		CE6C33CA2BC843C700D754A8 /* NewChatViewModel.swift in Sources */ = {isa = PBXBuildFile; fileRef = CE6C33C72BC843C700D754A8 /* NewChatViewModel.swift */; };
		CE9825962BC9684100DB384A /* ChatRoom.swift in Sources */ = {isa = PBXBuildFile; fileRef = CE9825952BC9684100DB384A /* ChatRoom.swift */; };
		CE9825982BC9688900DB384A /* MessageView.swift in Sources */ = {isa = PBXBuildFile; fileRef = CE9825972BC9688900DB384A /* MessageView.swift */; };
		CE98259B2BC9692600DB384A /* OpenAI in Frameworks */ = {isa = PBXBuildFile; productRef = CE98259A2BC9692600DB384A /* OpenAI */; };
/* End PBXBuildFile section */

/* Begin PBXFileReference section */
		7B159A512BCC3AB0009A2B27 /* GeminiManager.swift */ = {isa = PBXFileReference; lastKnownFileType = sourcecode.swift; path = GeminiManager.swift; sourceTree = "<group>"; };
		7B159A532BCC4DD8009A2B27 /* EditProfileView.swift */ = {isa = PBXFileReference; lastKnownFileType = sourcecode.swift; path = EditProfileView.swift; sourceTree = "<group>"; };
		7B159A552BCCEF78009A2B27 /* PharmacyManager.swift */ = {isa = PBXFileReference; lastKnownFileType = sourcecode.swift; path = PharmacyManager.swift; sourceTree = "<group>"; };
		7B159A572BCD1CB5009A2B27 /* Allergen.swift */ = {isa = PBXFileReference; fileEncoding = 4; lastKnownFileType = sourcecode.swift; path = Allergen.swift; sourceTree = "<group>"; };
		7B159A592BCD1CD8009A2B27 /* NewAllergenView.swift */ = {isa = PBXFileReference; fileEncoding = 4; lastKnownFileType = sourcecode.swift; path = NewAllergenView.swift; sourceTree = "<group>"; };
		7B159A5B2BCD1CFF009A2B27 /* NewAllegenViewModel.swift */ = {isa = PBXFileReference; fileEncoding = 4; lastKnownFileType = sourcecode.swift; path = NewAllegenViewModel.swift; sourceTree = "<group>"; };
		7B21CEFF2BC68588006224CB /* ChatView.swift */ = {isa = PBXFileReference; lastKnownFileType = sourcecode.swift; path = ChatView.swift; sourceTree = "<group>"; };
		7B21CF022BC6859F006224CB /* ChatViewModel.swift */ = {isa = PBXFileReference; lastKnownFileType = sourcecode.swift; path = ChatViewModel.swift; sourceTree = "<group>"; };
		7B2221C62BC69B6C00D5DECF /* ManageView.swift */ = {isa = PBXFileReference; lastKnownFileType = sourcecode.swift; path = ManageView.swift; sourceTree = "<group>"; };
		7B2221C92BC6A71E00D5DECF /* ManageViewModel.swift */ = {isa = PBXFileReference; lastKnownFileType = sourcecode.swift; path = ManageViewModel.swift; sourceTree = "<group>"; };
		7B2221CB2BC6A92300D5DECF /* UserManageView.swift */ = {isa = PBXFileReference; lastKnownFileType = sourcecode.swift; path = UserManageView.swift; sourceTree = "<group>"; };
		7B2221CD2BC6AC4700D5DECF /* UserManageViewModel.swift */ = {isa = PBXFileReference; lastKnownFileType = sourcecode.swift; path = UserManageViewModel.swift; sourceTree = "<group>"; };
		7B22432A2BE25447009D4429 /* ProductManageView.swift */ = {isa = PBXFileReference; lastKnownFileType = sourcecode.swift; path = ProductManageView.swift; sourceTree = "<group>"; };
		7B22432E2BE25CBF009D4429 /* AllergenManageViewModel.swift */ = {isa = PBXFileReference; lastKnownFileType = sourcecode.swift; path = AllergenManageViewModel.swift; sourceTree = "<group>"; };
		7B28ECE02BE3A06000690372 /* EditPostView.swift */ = {isa = PBXFileReference; fileEncoding = 4; lastKnownFileType = sourcecode.swift; path = EditPostView.swift; sourceTree = "<group>"; };
		7B4093AA2BE37CF200080679 /* ProductManageViewModel.swift */ = {isa = PBXFileReference; lastKnownFileType = sourcecode.swift; path = ProductManageViewModel.swift; sourceTree = "<group>"; };
		7B4D5C652BCAF90E0076F710 /* LocationManager.swift */ = {isa = PBXFileReference; lastKnownFileType = sourcecode.swift; path = LocationManager.swift; sourceTree = "<group>"; };
		7B4D5C672BCAFA4A0076F710 /* LoadingView.swift */ = {isa = PBXFileReference; lastKnownFileType = sourcecode.swift; path = LoadingView.swift; sourceTree = "<group>"; };
		7B5A52412BCE6239000DBDDE /* PinButton.swift */ = {isa = PBXFileReference; lastKnownFileType = sourcecode.swift; path = PinButton.swift; sourceTree = "<group>"; };
		7B6F2C112BE2493100042061 /* AllergenManageView.swift */ = {isa = PBXFileReference; lastKnownFileType = sourcecode.swift; path = AllergenManageView.swift; sourceTree = "<group>"; };
		7B7843962BCED34E0047A679 /* AllergenView.swift */ = {isa = PBXFileReference; lastKnownFileType = sourcecode.swift; path = AllergenView.swift; sourceTree = "<group>"; };
		7B8DCDC82BC66D2400D70C6C /* DermAssist.app */ = {isa = PBXFileReference; explicitFileType = wrapper.application; includeInIndex = 0; path = DermAssist.app; sourceTree = BUILT_PRODUCTS_DIR; };
		7B8DCDD22BC66D2500D70C6C /* Preview Assets.xcassets */ = {isa = PBXFileReference; lastKnownFileType = folder.assetcatalog; path = "Preview Assets.xcassets"; sourceTree = "<group>"; };
		7BCD6E342BD4F3A7000F6162 /* NewProductViewModel.swift */ = {isa = PBXFileReference; fileEncoding = 4; lastKnownFileType = sourcecode.swift; path = NewProductViewModel.swift; sourceTree = "<group>"; };
		7BCD6E362BD4F3B8000F6162 /* NewProductView.swift */ = {isa = PBXFileReference; fileEncoding = 4; lastKnownFileType = sourcecode.swift; path = NewProductView.swift; sourceTree = "<group>"; };
		7BCD6E382BD4F3DB000F6162 /* Product.swift */ = {isa = PBXFileReference; fileEncoding = 4; lastKnownFileType = sourcecode.swift; path = Product.swift; sourceTree = "<group>"; };
		7BD830142BE234170081411D /* DoctorToolView.swift */ = {isa = PBXFileReference; lastKnownFileType = sourcecode.swift; path = DoctorToolView.swift; sourceTree = "<group>"; };
		CE6C335F2BC67CB700D754A8 /* HeaderView.swift */ = {isa = PBXFileReference; fileEncoding = 4; lastKnownFileType = sourcecode.swift; path = HeaderView.swift; sourceTree = "<group>"; };
		CE6C33602BC67CB700D754A8 /* LoginView.swift */ = {isa = PBXFileReference; fileEncoding = 4; lastKnownFileType = sourcecode.swift; path = LoginView.swift; sourceTree = "<group>"; };
		CE6C33612BC67CB700D754A8 /* MainView.swift */ = {isa = PBXFileReference; fileEncoding = 4; lastKnownFileType = sourcecode.swift; path = MainView.swift; sourceTree = "<group>"; };
		CE6C33622BC67CB700D754A8 /* ProfileView.swift */ = {isa = PBXFileReference; fileEncoding = 4; lastKnownFileType = sourcecode.swift; path = ProfileView.swift; sourceTree = "<group>"; };
		CE6C33632BC67CB700D754A8 /* RegisterView.swift */ = {isa = PBXFileReference; fileEncoding = 4; lastKnownFileType = sourcecode.swift; path = RegisterView.swift; sourceTree = "<group>"; };
		CE6C33642BC67CB700D754A8 /* TLButton.swift */ = {isa = PBXFileReference; fileEncoding = 4; lastKnownFileType = sourcecode.swift; path = TLButton.swift; sourceTree = "<group>"; };
		CE6C33662BC67CB700D754A8 /* User.swift */ = {isa = PBXFileReference; fileEncoding = 4; lastKnownFileType = sourcecode.swift; path = User.swift; sourceTree = "<group>"; };
		CE6C33682BC67CB700D754A8 /* Assets.xcassets */ = {isa = PBXFileReference; lastKnownFileType = folder.assetcatalog; path = Assets.xcassets; sourceTree = "<group>"; };
		CE6C33692BC67CB700D754A8 /* DermAssistApp.swift */ = {isa = PBXFileReference; fileEncoding = 4; lastKnownFileType = sourcecode.swift; path = DermAssistApp.swift; sourceTree = "<group>"; };
		CE6C336A2BC67CB700D754A8 /* Extension.swift */ = {isa = PBXFileReference; fileEncoding = 4; lastKnownFileType = sourcecode.swift; path = Extension.swift; sourceTree = "<group>"; };
		CE6C336B2BC67CB700D754A8 /* GoogleService-Info.plist */ = {isa = PBXFileReference; fileEncoding = 4; lastKnownFileType = text.plist.xml; path = "GoogleService-Info.plist"; sourceTree = "<group>"; };
		CE6C336D2BC67CB700D754A8 /* LoginViewModel.swift */ = {isa = PBXFileReference; fileEncoding = 4; lastKnownFileType = sourcecode.swift; path = LoginViewModel.swift; sourceTree = "<group>"; };
		CE6C336E2BC67CB700D754A8 /* MainViewModel.swift */ = {isa = PBXFileReference; fileEncoding = 4; lastKnownFileType = sourcecode.swift; path = MainViewModel.swift; sourceTree = "<group>"; };
		CE6C336F2BC67CB700D754A8 /* ProfileViewModel.swift */ = {isa = PBXFileReference; fileEncoding = 4; lastKnownFileType = sourcecode.swift; path = ProfileViewModel.swift; sourceTree = "<group>"; };
		CE6C33702BC67CB700D754A8 /* RegisterViewModel.swift */ = {isa = PBXFileReference; fileEncoding = 4; lastKnownFileType = sourcecode.swift; path = RegisterViewModel.swift; sourceTree = "<group>"; };
		CE6C33812BC67D8C00D754A8 /* Post.swift */ = {isa = PBXFileReference; lastKnownFileType = sourcecode.swift; path = Post.swift; sourceTree = "<group>"; };
		CE6C33862BC67E2400D754A8 /* AnnounceView.swift */ = {isa = PBXFileReference; lastKnownFileType = sourcecode.swift; path = AnnounceView.swift; sourceTree = "<group>"; };
		CE6C33882BC67E5200D754A8 /* CommentView.swift */ = {isa = PBXFileReference; lastKnownFileType = sourcecode.swift; path = CommentView.swift; sourceTree = "<group>"; };
		CE6C338A2BC67E6C00D754A8 /* AnnounceItemView.swift */ = {isa = PBXFileReference; lastKnownFileType = sourcecode.swift; path = AnnounceItemView.swift; sourceTree = "<group>"; };
		CE6C338C2BC67E8C00D754A8 /* PostView.swift */ = {isa = PBXFileReference; lastKnownFileType = sourcecode.swift; path = PostView.swift; sourceTree = "<group>"; };
		CE6C338E2BC67EA100D754A8 /* NewPostView.swift */ = {isa = PBXFileReference; lastKnownFileType = sourcecode.swift; path = NewPostView.swift; sourceTree = "<group>"; };
		CE6C33902BC67EBF00D754A8 /* LikeUserView.swift */ = {isa = PBXFileReference; lastKnownFileType = sourcecode.swift; path = LikeUserView.swift; sourceTree = "<group>"; };
		CE6C33952BC67F1200D754A8 /* AnnounceViewModel.swift */ = {isa = PBXFileReference; lastKnownFileType = sourcecode.swift; path = AnnounceViewModel.swift; sourceTree = "<group>"; };
		CE6C33972BC67F3600D754A8 /* PostViewModel.swift */ = {isa = PBXFileReference; lastKnownFileType = sourcecode.swift; path = PostViewModel.swift; sourceTree = "<group>"; };
		CE6C33992BC67F5100D754A8 /* NewPostViewModel.swift */ = {isa = PBXFileReference; lastKnownFileType = sourcecode.swift; path = NewPostViewModel.swift; sourceTree = "<group>"; };
		CE6C339B2BC67F6800D754A8 /* CommentViewModel.swift */ = {isa = PBXFileReference; lastKnownFileType = sourcecode.swift; path = CommentViewModel.swift; sourceTree = "<group>"; };
		CE6C33BF2BC843A200D754A8 /* NewChatView.swift */ = {isa = PBXFileReference; fileEncoding = 4; lastKnownFileType = sourcecode.swift; path = NewChatView.swift; sourceTree = "<group>"; };
		CE6C33C02BC843A200D754A8 /* ChatDetailView.swift */ = {isa = PBXFileReference; fileEncoding = 4; lastKnownFileType = sourcecode.swift; path = ChatDetailView.swift; sourceTree = "<group>"; };
		CE6C33C12BC843A200D754A8 /* ChatItemView.swift */ = {isa = PBXFileReference; fileEncoding = 4; lastKnownFileType = sourcecode.swift; path = ChatItemView.swift; sourceTree = "<group>"; };
		CE6C33C52BC843C700D754A8 /* ChatItemViewModel.swift */ = {isa = PBXFileReference; fileEncoding = 4; lastKnownFileType = sourcecode.swift; path = ChatItemViewModel.swift; sourceTree = "<group>"; };
		CE6C33C62BC843C700D754A8 /* ChatDetailViewModel.swift */ = {isa = PBXFileReference; fileEncoding = 4; lastKnownFileType = sourcecode.swift; path = ChatDetailViewModel.swift; sourceTree = "<group>"; };
		CE6C33C72BC843C700D754A8 /* NewChatViewModel.swift */ = {isa = PBXFileReference; fileEncoding = 4; lastKnownFileType = sourcecode.swift; path = NewChatViewModel.swift; sourceTree = "<group>"; };
		CE9825952BC9684100DB384A /* ChatRoom.swift */ = {isa = PBXFileReference; fileEncoding = 4; lastKnownFileType = sourcecode.swift; path = ChatRoom.swift; sourceTree = "<group>"; };
		CE9825972BC9688900DB384A /* MessageView.swift */ = {isa = PBXFileReference; fileEncoding = 4; lastKnownFileType = sourcecode.swift; path = MessageView.swift; sourceTree = "<group>"; };
/* End PBXFileReference section */

/* Begin PBXFrameworksBuildPhase section */
		7B8DCDC52BC66D2400D70C6C /* Frameworks */ = {
			isa = PBXFrameworksBuildPhase;
			buildActionMask = 2147483647;
			files = (
				7B8DCDF02BC675FC00D70C6C /* FirebaseDatabase in Frameworks */,
				7B8DCDFE2BC675FC00D70C6C /* FirebaseFunctionsCombine-Community in Frameworks */,
				7B8DCDF62BC675FC00D70C6C /* FirebaseFirestore in Frameworks */,
				7B8DCDE22BC675FC00D70C6C /* FirebaseAnalyticsSwift in Frameworks */,
				7B4D5C642BCAF1B60076F710 /* GoogleGenerativeAI in Frameworks */,
				7B8DCDDE2BC675FC00D70C6C /* FirebaseAnalytics in Frameworks */,
				7B8DCDE02BC675FC00D70C6C /* FirebaseAnalyticsOnDeviceConversion in Frameworks */,
				7B8DCDFA2BC675FC00D70C6C /* FirebaseFirestoreSwift in Frameworks */,
				7B8DCE082BC675FC00D70C6C /* FirebaseMLModelDownloader in Frameworks */,
				7B8DCDE62BC675FC00D70C6C /* FirebaseAppCheck in Frameworks */,
				7B8DCDE42BC675FC00D70C6C /* FirebaseAnalyticsWithoutAdIdSupport in Frameworks */,
				7B8DCE062BC675FC00D70C6C /* FirebaseMessaging in Frameworks */,
				7B8DCDEA2BC675FC00D70C6C /* FirebaseAuth in Frameworks */,
				7B8DCE0E2BC675FC00D70C6C /* FirebaseRemoteConfigSwift in Frameworks */,
				7B8DCDEE2BC675FC00D70C6C /* FirebaseCrashlytics in Frameworks */,
				7B8DCE002BC675FC00D70C6C /* FirebaseInAppMessaging-Beta in Frameworks */,
				7B8DCDF22BC675FC00D70C6C /* FirebaseDatabaseSwift in Frameworks */,
				7B8DCE122BC675FC00D70C6C /* FirebaseStorageCombine-Community in Frameworks */,
				7B8DCE0C2BC675FC00D70C6C /* FirebaseRemoteConfig in Frameworks */,
				CE98259B2BC9692600DB384A /* OpenAI in Frameworks */,
				7B8DCDFC2BC675FC00D70C6C /* FirebaseFunctions in Frameworks */,
				7B8DCDE82BC675FC00D70C6C /* FirebaseAppDistribution-Beta in Frameworks */,
				7B8DCE0A2BC675FC00D70C6C /* FirebasePerformance in Frameworks */,
				7B8DCDEC2BC675FC00D70C6C /* FirebaseAuthCombine-Community in Frameworks */,
				7B8DCE102BC675FC00D70C6C /* FirebaseStorage in Frameworks */,
				7B8DCE022BC675FC00D70C6C /* FirebaseInAppMessagingSwift-Beta in Frameworks */,
				7B8DCDF42BC675FC00D70C6C /* FirebaseDynamicLinks in Frameworks */,
				7B8DCDF82BC675FC00D70C6C /* FirebaseFirestoreCombine-Community in Frameworks */,
				7B8DCE042BC675FC00D70C6C /* FirebaseInstallations in Frameworks */,
			);
			runOnlyForDeploymentPostprocessing = 0;
		};
/* End PBXFrameworksBuildPhase section */

/* Begin PBXGroup section */
		7B1BA3222BE227F6001A38F4 /* Profile */ = {
			isa = PBXGroup;
			children = (
				CE6C33622BC67CB700D754A8 /* ProfileView.swift */,
				7B159A532BCC4DD8009A2B27 /* EditProfileView.swift */,
				7B7843962BCED34E0047A679 /* AllergenView.swift */,
			);
			path = Profile;
			sourceTree = "<group>";
		};
		7B1BA3232BE228EF001A38F4 /* Profile */ = {
			isa = PBXGroup;
			children = (
				CE6C336F2BC67CB700D754A8 /* ProfileViewModel.swift */,
			);
			path = Profile;
			sourceTree = "<group>";
		};
		7B1BA3242BE22935001A38F4 /* Post */ = {
			isa = PBXGroup;
			children = (
				7B28ECE02BE3A06000690372 /* EditPostView.swift */,
				CE6C338C2BC67E8C00D754A8 /* PostView.swift */,
				CE6C338E2BC67EA100D754A8 /* NewPostView.swift */,
				CE6C33882BC67E5200D754A8 /* CommentView.swift */,
				CE6C33902BC67EBF00D754A8 /* LikeUserView.swift */,
			);
			path = Post;
			sourceTree = "<group>";
		};
		7B1BA3262BE2296D001A38F4 /* Post */ = {
			isa = PBXGroup;
			children = (
				CE6C33992BC67F5100D754A8 /* NewPostViewModel.swift */,
				CE6C33972BC67F3600D754A8 /* PostViewModel.swift */,
				CE6C339B2BC67F6800D754A8 /* CommentViewModel.swift */,
			);
			path = Post;
			sourceTree = "<group>";
		};
		7B21CEFE2BC6857F006224CB /* Chat */ = {
			isa = PBXGroup;
			children = (
				CE9825972BC9688900DB384A /* MessageView.swift */,
				CE6C33C02BC843A200D754A8 /* ChatDetailView.swift */,
				CE6C33C12BC843A200D754A8 /* ChatItemView.swift */,
				CE6C33BF2BC843A200D754A8 /* NewChatView.swift */,
				7B21CEFF2BC68588006224CB /* ChatView.swift */,
			);
			path = Chat;
			sourceTree = "<group>";
		};
		7B21CF012BC68591006224CB /* Chat */ = {
			isa = PBXGroup;
			children = (
				CE6C33C62BC843C700D754A8 /* ChatDetailViewModel.swift */,
				CE6C33C52BC843C700D754A8 /* ChatItemViewModel.swift */,
				CE6C33C72BC843C700D754A8 /* NewChatViewModel.swift */,
				7B21CF022BC6859F006224CB /* ChatViewModel.swift */,
			);
			path = Chat;
			sourceTree = "<group>";
		};
		7B2221C52BC69B5800D5DECF /* Admin */ = {
			isa = PBXGroup;
			children = (
				7B2221C62BC69B6C00D5DECF /* ManageView.swift */,
				7B2221CB2BC6A92300D5DECF /* UserManageView.swift */,
			);
			path = Admin;
			sourceTree = "<group>";
		};
		7B2221C82BC6A71400D5DECF /* Admin */ = {
			isa = PBXGroup;
			children = (
				7B2221C92BC6A71E00D5DECF /* ManageViewModel.swift */,
				7B2221CD2BC6AC4700D5DECF /* UserManageViewModel.swift */,
			);
			path = Admin;
			sourceTree = "<group>";
		};
		7B22432C2BE25457009D4429 /* Product */ = {
			isa = PBXGroup;
			children = (
				7BCD6E342BD4F3A7000F6162 /* NewProductViewModel.swift */,
				7B4093AA2BE37CF200080679 /* ProductManageViewModel.swift */,
			);
			path = Product;
			sourceTree = "<group>";
		};
		7B22432D2BE25464009D4429 /* Allergen */ = {
			isa = PBXGroup;
			children = (
				7B159A5B2BCD1CFF009A2B27 /* NewAllegenViewModel.swift */,
				7B22432E2BE25CBF009D4429 /* AllergenManageViewModel.swift */,
			);
			path = Allergen;
			sourceTree = "<group>";
		};
		7B4D5C5F2BCAEFE60076F710 /* Managers */ = {
			isa = PBXGroup;
			children = (
				7B4D5C652BCAF90E0076F710 /* LocationManager.swift */,
				7B159A512BCC3AB0009A2B27 /* GeminiManager.swift */,
				7B159A552BCCEF78009A2B27 /* PharmacyManager.swift */,
			);
			path = Managers;
			sourceTree = "<group>";
		};
		7B6F2C0E2BE247F400042061 /* Product */ = {
			isa = PBXGroup;
			children = (
				7BCD6E362BD4F3B8000F6162 /* NewProductView.swift */,
				7B22432A2BE25447009D4429 /* ProductManageView.swift */,
			);
			path = Product;
			sourceTree = "<group>";
		};
		7B6F2C0F2BE247FC00042061 /* Allergen */ = {
			isa = PBXGroup;
			children = (
				7B159A592BCD1CD8009A2B27 /* NewAllergenView.swift */,
				7B6F2C112BE2493100042061 /* AllergenManageView.swift */,
			);
			path = Allergen;
			sourceTree = "<group>";
		};
		7B7930342BE23288005D7063 /* DoctorTool */ = {
			isa = PBXGroup;
			children = (
				7B6F2C0F2BE247FC00042061 /* Allergen */,
				7B6F2C0E2BE247F400042061 /* Product */,
				7BD830142BE234170081411D /* DoctorToolView.swift */,
			);
			path = DoctorTool;
			sourceTree = "<group>";
		};
		7B7930352BE232E8005D7063 /* Home */ = {
			isa = PBXGroup;
			children = (
				7B7930362BE232F6005D7063 /* DoctorTool */,
				CE6C33942BC67EF500D754A8 /* Announce */,
			);
			path = Home;
			sourceTree = "<group>";
		};
		7B7930362BE232F6005D7063 /* DoctorTool */ = {
			isa = PBXGroup;
			children = (
				7B22432D2BE25464009D4429 /* Allergen */,
				7B22432C2BE25457009D4429 /* Product */,
			);
			path = DoctorTool;
			sourceTree = "<group>";
		};
		7B8DCDBF2BC66D2400D70C6C = {
			isa = PBXGroup;
			children = (
				7B8DCDCA2BC66D2400D70C6C /* DermAssist */,
				7B8DCDC92BC66D2400D70C6C /* Products */,
				7B8DCDDC2BC675FC00D70C6C /* Frameworks */,
			);
			sourceTree = "<group>";
		};
		7B8DCDC92BC66D2400D70C6C /* Products */ = {
			isa = PBXGroup;
			children = (
				7B8DCDC82BC66D2400D70C6C /* DermAssist.app */,
			);
			name = Products;
			sourceTree = "<group>";
		};
		7B8DCDCA2BC66D2400D70C6C /* DermAssist */ = {
			isa = PBXGroup;
			children = (
				7B4D5C5F2BCAEFE60076F710 /* Managers */,
				CE6C33672BC67CB700D754A8 /* Models */,
				CE6C336C2BC67CB700D754A8 /* Others */,
				7B8DCDD12BC66D2500D70C6C /* Preview Content */,
				CE6C33712BC67CB700D754A8 /* ViewModels */,
				CE6C33652BC67CB700D754A8 /* Views */,
			);
			path = DermAssist;
			sourceTree = "<group>";
		};
		7B8DCDD12BC66D2500D70C6C /* Preview Content */ = {
			isa = PBXGroup;
			children = (
				7B8DCDD22BC66D2500D70C6C /* Preview Assets.xcassets */,
			);
			path = "Preview Content";
			sourceTree = "<group>";
		};
		7B8DCDDC2BC675FC00D70C6C /* Frameworks */ = {
			isa = PBXGroup;
			children = (
			);
			name = Frameworks;
			sourceTree = "<group>";
		};
		CE6C33652BC67CB700D754A8 /* Views */ = {
			isa = PBXGroup;
			children = (
				CE6C33612BC67CB700D754A8 /* MainView.swift */,
				7B7930342BE23288005D7063 /* DoctorTool */,
				CE6C33832BC67DC700D754A8 /* Announce */,
				7B2221C52BC69B5800D5DECF /* Admin */,
				7B21CEFE2BC6857F006224CB /* Chat */,
				CE6C33842BC67DE100D754A8 /* Login */,
				CE6C33852BC67DF100D754A8 /* Others */,
				7B1BA3222BE227F6001A38F4 /* Profile */,
			);
			path = Views;
			sourceTree = "<group>";
		};
		CE6C33672BC67CB700D754A8 /* Models */ = {
			isa = PBXGroup;
			children = (
				7B159A572BCD1CB5009A2B27 /* Allergen.swift */,
				CE9825952BC9684100DB384A /* ChatRoom.swift */,
				CE6C33812BC67D8C00D754A8 /* Post.swift */,
				7BCD6E382BD4F3DB000F6162 /* Product.swift */,
				CE6C33662BC67CB700D754A8 /* User.swift */,
			);
			path = Models;
			sourceTree = "<group>";
		};
		CE6C336C2BC67CB700D754A8 /* Others */ = {
			isa = PBXGroup;
			children = (
				CE6C336B2BC67CB700D754A8 /* GoogleService-Info.plist */,
				CE6C33692BC67CB700D754A8 /* DermAssistApp.swift */,
				CE6C336A2BC67CB700D754A8 /* Extension.swift */,
				CE6C33682BC67CB700D754A8 /* Assets.xcassets */,
			);
			path = Others;
			sourceTree = "<group>";
		};
		CE6C33712BC67CB700D754A8 /* ViewModels */ = {
			isa = PBXGroup;
			children = (
				7B7930352BE232E8005D7063 /* Home */,
				7B2221C82BC6A71400D5DECF /* Admin */,
				7B21CF012BC68591006224CB /* Chat */,
				CE6C33922BC67EDE00D754A8 /* Login */,
				CE6C33932BC67EEC00D754A8 /* Others */,
				7B1BA3232BE228EF001A38F4 /* Profile */,
			);
			path = ViewModels;
			sourceTree = "<group>";
		};
		CE6C33832BC67DC700D754A8 /* Announce */ = {
			isa = PBXGroup;
			children = (
				7B1BA3242BE22935001A38F4 /* Post */,
				CE6C33862BC67E2400D754A8 /* AnnounceView.swift */,
				CE6C338A2BC67E6C00D754A8 /* AnnounceItemView.swift */,
			);
			path = Announce;
			sourceTree = "<group>";
		};
		CE6C33842BC67DE100D754A8 /* Login */ = {
			isa = PBXGroup;
			children = (
				CE6C33602BC67CB700D754A8 /* LoginView.swift */,
				CE6C33632BC67CB700D754A8 /* RegisterView.swift */,
			);
			path = Login;
			sourceTree = "<group>";
		};
		CE6C33852BC67DF100D754A8 /* Others */ = {
			isa = PBXGroup;
			children = (
				CE6C33642BC67CB700D754A8 /* TLButton.swift */,
				CE6C335F2BC67CB700D754A8 /* HeaderView.swift */,
				7B4D5C672BCAFA4A0076F710 /* LoadingView.swift */,
				7B5A52412BCE6239000DBDDE /* PinButton.swift */,
			);
			path = Others;
			sourceTree = "<group>";
		};
		CE6C33922BC67EDE00D754A8 /* Login */ = {
			isa = PBXGroup;
			children = (
				CE6C336D2BC67CB700D754A8 /* LoginViewModel.swift */,
				CE6C33702BC67CB700D754A8 /* RegisterViewModel.swift */,
			);
			path = Login;
			sourceTree = "<group>";
		};
		CE6C33932BC67EEC00D754A8 /* Others */ = {
			isa = PBXGroup;
			children = (
				CE6C336E2BC67CB700D754A8 /* MainViewModel.swift */,
			);
			path = Others;
			sourceTree = "<group>";
		};
		CE6C33942BC67EF500D754A8 /* Announce */ = {
			isa = PBXGroup;
			children = (
				CE6C33952BC67F1200D754A8 /* AnnounceViewModel.swift */,
				7B1BA3262BE2296D001A38F4 /* Post */,
			);
			path = Announce;
			sourceTree = "<group>";
		};
/* End PBXGroup section */

/* Begin PBXNativeTarget section */
		7B8DCDC72BC66D2400D70C6C /* DermAssist */ = {
			isa = PBXNativeTarget;
			buildConfigurationList = 7B8DCDD62BC66D2500D70C6C /* Build configuration list for PBXNativeTarget "DermAssist" */;
			buildPhases = (
				7B8DCDC42BC66D2400D70C6C /* Sources */,
				7B8DCDC52BC66D2400D70C6C /* Frameworks */,
				7B8DCDC62BC66D2400D70C6C /* Resources */,
			);
			buildRules = (
			);
			dependencies = (
			);
			name = DermAssist;
			packageProductDependencies = (
				7B8DCDDD2BC675FC00D70C6C /* FirebaseAnalytics */,
				7B8DCDDF2BC675FC00D70C6C /* FirebaseAnalyticsOnDeviceConversion */,
				7B8DCDE12BC675FC00D70C6C /* FirebaseAnalyticsSwift */,
				7B8DCDE32BC675FC00D70C6C /* FirebaseAnalyticsWithoutAdIdSupport */,
				7B8DCDE52BC675FC00D70C6C /* FirebaseAppCheck */,
				7B8DCDE72BC675FC00D70C6C /* FirebaseAppDistribution-Beta */,
				7B8DCDE92BC675FC00D70C6C /* FirebaseAuth */,
				7B8DCDEB2BC675FC00D70C6C /* FirebaseAuthCombine-Community */,
				7B8DCDED2BC675FC00D70C6C /* FirebaseCrashlytics */,
				7B8DCDEF2BC675FC00D70C6C /* FirebaseDatabase */,
				7B8DCDF12BC675FC00D70C6C /* FirebaseDatabaseSwift */,
				7B8DCDF32BC675FC00D70C6C /* FirebaseDynamicLinks */,
				7B8DCDF52BC675FC00D70C6C /* FirebaseFirestore */,
				7B8DCDF72BC675FC00D70C6C /* FirebaseFirestoreCombine-Community */,
				7B8DCDF92BC675FC00D70C6C /* FirebaseFirestoreSwift */,
				7B8DCDFB2BC675FC00D70C6C /* FirebaseFunctions */,
				7B8DCDFD2BC675FC00D70C6C /* FirebaseFunctionsCombine-Community */,
				7B8DCDFF2BC675FC00D70C6C /* FirebaseInAppMessaging-Beta */,
				7B8DCE012BC675FC00D70C6C /* FirebaseInAppMessagingSwift-Beta */,
				7B8DCE032BC675FC00D70C6C /* FirebaseInstallations */,
				7B8DCE052BC675FC00D70C6C /* FirebaseMessaging */,
				7B8DCE072BC675FC00D70C6C /* FirebaseMLModelDownloader */,
				7B8DCE092BC675FC00D70C6C /* FirebasePerformance */,
				7B8DCE0B2BC675FC00D70C6C /* FirebaseRemoteConfig */,
				7B8DCE0D2BC675FC00D70C6C /* FirebaseRemoteConfigSwift */,
				7B8DCE0F2BC675FC00D70C6C /* FirebaseStorage */,
				7B8DCE112BC675FC00D70C6C /* FirebaseStorageCombine-Community */,
				CE98259A2BC9692600DB384A /* OpenAI */,
				7B4D5C632BCAF1B60076F710 /* GoogleGenerativeAI */,
			);
			productName = DermAssist;
			productReference = 7B8DCDC82BC66D2400D70C6C /* DermAssist.app */;
			productType = "com.apple.product-type.application";
		};
/* End PBXNativeTarget section */

/* Begin PBXProject section */
		7B8DCDC02BC66D2400D70C6C /* Project object */ = {
			isa = PBXProject;
			attributes = {
				BuildIndependentTargetsInParallel = 1;
				LastSwiftUpdateCheck = 1530;
				LastUpgradeCheck = 1530;
				TargetAttributes = {
					7B8DCDC72BC66D2400D70C6C = {
						CreatedOnToolsVersion = 15.3;
					};
				};
			};
			buildConfigurationList = 7B8DCDC32BC66D2400D70C6C /* Build configuration list for PBXProject "DermAssist" */;
			compatibilityVersion = "Xcode 14.0";
			developmentRegion = en;
			hasScannedForEncodings = 0;
			knownRegions = (
				en,
				Base,
			);
			mainGroup = 7B8DCDBF2BC66D2400D70C6C;
			packageReferences = (
				7B8DCDDB2BC672EF00D70C6C /* XCRemoteSwiftPackageReference "firebase-ios-sdk" */,
				CE9825992BC9692600DB384A /* XCRemoteSwiftPackageReference "OpenAI" */,
				7B4D5C622BCAF1B60076F710 /* XCRemoteSwiftPackageReference "generative-ai-swift" */,
			);
			productRefGroup = 7B8DCDC92BC66D2400D70C6C /* Products */;
			projectDirPath = "";
			projectRoot = "";
			targets = (
				7B8DCDC72BC66D2400D70C6C /* DermAssist */,
			);
		};
/* End PBXProject section */

/* Begin PBXResourcesBuildPhase section */
		7B8DCDC62BC66D2400D70C6C /* Resources */ = {
			isa = PBXResourcesBuildPhase;
			buildActionMask = 2147483647;
			files = (
				CE6C33792BC67CB700D754A8 /* Assets.xcassets in Resources */,
				7B8DCDD32BC66D2500D70C6C /* Preview Assets.xcassets in Resources */,
				CE6C337C2BC67CB700D754A8 /* GoogleService-Info.plist in Resources */,
			);
			runOnlyForDeploymentPostprocessing = 0;
		};
/* End PBXResourcesBuildPhase section */

/* Begin PBXSourcesBuildPhase section */
		7B8DCDC42BC66D2400D70C6C /* Sources */ = {
			isa = PBXSourcesBuildPhase;
			buildActionMask = 2147483647;
			files = (
				7B159A542BCC4DD8009A2B27 /* EditProfileView.swift in Sources */,
				CE9825962BC9684100DB384A /* ChatRoom.swift in Sources */,
				7B159A5A2BCD1CD8009A2B27 /* NewAllergenView.swift in Sources */,
				7B21CF032BC6859F006224CB /* ChatViewModel.swift in Sources */,
				CE6C339C2BC67F6800D754A8 /* CommentViewModel.swift in Sources */,
				7BCD6E392BD4F3DB000F6162 /* Product.swift in Sources */,
				7BD830152BE234170081411D /* DoctorToolView.swift in Sources */,
				7B22432B2BE25447009D4429 /* ProductManageView.swift in Sources */,
				CE6C337B2BC67CB700D754A8 /* Extension.swift in Sources */,
				7B2221C72BC69B6C00D5DECF /* ManageView.swift in Sources */,
				CE6C338F2BC67EA100D754A8 /* NewPostView.swift in Sources */,
				CE6C33C82BC843C700D754A8 /* ChatItemViewModel.swift in Sources */,
				CE6C33C22BC843A200D754A8 /* NewChatView.swift in Sources */,
				7B159A522BCC3AB0009A2B27 /* GeminiManager.swift in Sources */,
				7B4D5C662BCAF90E0076F710 /* LocationManager.swift in Sources */,
				7B159A582BCD1CB5009A2B27 /* Allergen.swift in Sources */,
				CE6C33CA2BC843C700D754A8 /* NewChatViewModel.swift in Sources */,
				CE6C338B2BC67E6C00D754A8 /* AnnounceItemView.swift in Sources */,
				CE6C33872BC67E2400D754A8 /* AnnounceView.swift in Sources */,
				CE6C33752BC67CB700D754A8 /* ProfileView.swift in Sources */,
				7B4D5C682BCAFA4A0076F710 /* LoadingView.swift in Sources */,
				7B7843972BCED34E0047A679 /* AllergenView.swift in Sources */,
				CE6C339A2BC67F5100D754A8 /* NewPostViewModel.swift in Sources */,
				7BCD6E352BD4F3A7000F6162 /* NewProductViewModel.swift in Sources */,
				CE6C33772BC67CB700D754A8 /* TLButton.swift in Sources */,
				7B159A5C2BCD1CFF009A2B27 /* NewAllegenViewModel.swift in Sources */,
				CE6C33762BC67CB700D754A8 /* RegisterView.swift in Sources */,
				CE6C33732BC67CB700D754A8 /* LoginView.swift in Sources */,
				7B2221CA2BC6A71E00D5DECF /* ManageViewModel.swift in Sources */,
				CE6C33822BC67D8C00D754A8 /* Post.swift in Sources */,
				CE6C33742BC67CB700D754A8 /* MainView.swift in Sources */,
				7B22432F2BE25CBF009D4429 /* AllergenManageViewModel.swift in Sources */,
				CE6C33C92BC843C700D754A8 /* ChatDetailViewModel.swift in Sources */,
				CE6C337F2BC67CB700D754A8 /* ProfileViewModel.swift in Sources */,
				CE6C33722BC67CB700D754A8 /* HeaderView.swift in Sources */,
				CE6C33892BC67E5200D754A8 /* CommentView.swift in Sources */,
				CE6C33802BC67CB700D754A8 /* RegisterViewModel.swift in Sources */,
				CE6C337A2BC67CB700D754A8 /* DermAssistApp.swift in Sources */,
				7B21CF002BC68588006224CB /* ChatView.swift in Sources */,
				7BCD6E372BD4F3B8000F6162 /* NewProductView.swift in Sources */,
				CE6C337D2BC67CB700D754A8 /* LoginViewModel.swift in Sources */,
				CE6C33C42BC843A200D754A8 /* ChatItemView.swift in Sources */,
				CE6C33912BC67EBF00D754A8 /* LikeUserView.swift in Sources */,
				7B28ECE12BE3A06000690372 /* EditPostView.swift in Sources */,
				7B6F2C122BE2493100042061 /* AllergenManageView.swift in Sources */,
				7B2221CC2BC6A92300D5DECF /* UserManageView.swift in Sources */,
				CE9825982BC9688900DB384A /* MessageView.swift in Sources */,
				7B2221CE2BC6AC4700D5DECF /* UserManageViewModel.swift in Sources */,
				CE6C33962BC67F1200D754A8 /* AnnounceViewModel.swift in Sources */,
				7B5A52422BCE6239000DBDDE /* PinButton.swift in Sources */,
				CE6C33982BC67F3600D754A8 /* PostViewModel.swift in Sources */,
				CE6C33782BC67CB700D754A8 /* User.swift in Sources */,
				7B4093AB2BE37CF200080679 /* ProductManageViewModel.swift in Sources */,
				CE6C33C32BC843A200D754A8 /* ChatDetailView.swift in Sources */,
				CE6C338D2BC67E8C00D754A8 /* PostView.swift in Sources */,
				CE6C337E2BC67CB700D754A8 /* MainViewModel.swift in Sources */,
				7B159A562BCCEF78009A2B27 /* PharmacyManager.swift in Sources */,
			);
			runOnlyForDeploymentPostprocessing = 0;
		};
/* End PBXSourcesBuildPhase section */

/* Begin XCBuildConfiguration section */
		7B8DCDD42BC66D2500D70C6C /* Debug */ = {
			isa = XCBuildConfiguration;
			buildSettings = {
				ALWAYS_SEARCH_USER_PATHS = NO;
				ASSETCATALOG_COMPILER_GENERATE_SWIFT_ASSET_SYMBOL_EXTENSIONS = YES;
				CLANG_ANALYZER_NONNULL = YES;
				CLANG_ANALYZER_NUMBER_OBJECT_CONVERSION = YES_AGGRESSIVE;
				CLANG_CXX_LANGUAGE_STANDARD = "gnu++20";
				CLANG_ENABLE_MODULES = YES;
				CLANG_ENABLE_OBJC_ARC = YES;
				CLANG_ENABLE_OBJC_WEAK = YES;
				CLANG_WARN_BLOCK_CAPTURE_AUTORELEASING = YES;
				CLANG_WARN_BOOL_CONVERSION = YES;
				CLANG_WARN_COMMA = YES;
				CLANG_WARN_CONSTANT_CONVERSION = YES;
				CLANG_WARN_DEPRECATED_OBJC_IMPLEMENTATIONS = YES;
				CLANG_WARN_DIRECT_OBJC_ISA_USAGE = YES_ERROR;
				CLANG_WARN_DOCUMENTATION_COMMENTS = YES;
				CLANG_WARN_EMPTY_BODY = YES;
				CLANG_WARN_ENUM_CONVERSION = YES;
				CLANG_WARN_INFINITE_RECURSION = YES;
				CLANG_WARN_INT_CONVERSION = YES;
				CLANG_WARN_NON_LITERAL_NULL_CONVERSION = YES;
				CLANG_WARN_OBJC_IMPLICIT_RETAIN_SELF = YES;
				CLANG_WARN_OBJC_LITERAL_CONVERSION = YES;
				CLANG_WARN_OBJC_ROOT_CLASS = YES_ERROR;
				CLANG_WARN_QUOTED_INCLUDE_IN_FRAMEWORK_HEADER = YES;
				CLANG_WARN_RANGE_LOOP_ANALYSIS = YES;
				CLANG_WARN_STRICT_PROTOTYPES = YES;
				CLANG_WARN_SUSPICIOUS_MOVE = YES;
				CLANG_WARN_UNGUARDED_AVAILABILITY = YES_AGGRESSIVE;
				CLANG_WARN_UNREACHABLE_CODE = YES;
				CLANG_WARN__DUPLICATE_METHOD_MATCH = YES;
				COPY_PHASE_STRIP = NO;
				DEBUG_INFORMATION_FORMAT = dwarf;
				ENABLE_STRICT_OBJC_MSGSEND = YES;
				ENABLE_TESTABILITY = YES;
				ENABLE_USER_SCRIPT_SANDBOXING = YES;
				GCC_C_LANGUAGE_STANDARD = gnu17;
				GCC_DYNAMIC_NO_PIC = NO;
				GCC_NO_COMMON_BLOCKS = YES;
				GCC_OPTIMIZATION_LEVEL = 0;
				GCC_PREPROCESSOR_DEFINITIONS = (
					"DEBUG=1",
					"$(inherited)",
				);
				GCC_WARN_64_TO_32_BIT_CONVERSION = YES;
				GCC_WARN_ABOUT_RETURN_TYPE = YES_ERROR;
				GCC_WARN_UNDECLARED_SELECTOR = YES;
				GCC_WARN_UNINITIALIZED_AUTOS = YES_AGGRESSIVE;
				GCC_WARN_UNUSED_FUNCTION = YES;
				GCC_WARN_UNUSED_VARIABLE = YES;
				IPHONEOS_DEPLOYMENT_TARGET = 17.4;
				LOCALIZATION_PREFERS_STRING_CATALOGS = YES;
				MTL_ENABLE_DEBUG_INFO = INCLUDE_SOURCE;
				MTL_FAST_MATH = YES;
				ONLY_ACTIVE_ARCH = YES;
				SDKROOT = iphoneos;
				SWIFT_ACTIVE_COMPILATION_CONDITIONS = "DEBUG $(inherited)";
				SWIFT_OPTIMIZATION_LEVEL = "-Onone";
			};
			name = Debug;
		};
		7B8DCDD52BC66D2500D70C6C /* Release */ = {
			isa = XCBuildConfiguration;
			buildSettings = {
				ALWAYS_SEARCH_USER_PATHS = NO;
				ASSETCATALOG_COMPILER_GENERATE_SWIFT_ASSET_SYMBOL_EXTENSIONS = YES;
				CLANG_ANALYZER_NONNULL = YES;
				CLANG_ANALYZER_NUMBER_OBJECT_CONVERSION = YES_AGGRESSIVE;
				CLANG_CXX_LANGUAGE_STANDARD = "gnu++20";
				CLANG_ENABLE_MODULES = YES;
				CLANG_ENABLE_OBJC_ARC = YES;
				CLANG_ENABLE_OBJC_WEAK = YES;
				CLANG_WARN_BLOCK_CAPTURE_AUTORELEASING = YES;
				CLANG_WARN_BOOL_CONVERSION = YES;
				CLANG_WARN_COMMA = YES;
				CLANG_WARN_CONSTANT_CONVERSION = YES;
				CLANG_WARN_DEPRECATED_OBJC_IMPLEMENTATIONS = YES;
				CLANG_WARN_DIRECT_OBJC_ISA_USAGE = YES_ERROR;
				CLANG_WARN_DOCUMENTATION_COMMENTS = YES;
				CLANG_WARN_EMPTY_BODY = YES;
				CLANG_WARN_ENUM_CONVERSION = YES;
				CLANG_WARN_INFINITE_RECURSION = YES;
				CLANG_WARN_INT_CONVERSION = YES;
				CLANG_WARN_NON_LITERAL_NULL_CONVERSION = YES;
				CLANG_WARN_OBJC_IMPLICIT_RETAIN_SELF = YES;
				CLANG_WARN_OBJC_LITERAL_CONVERSION = YES;
				CLANG_WARN_OBJC_ROOT_CLASS = YES_ERROR;
				CLANG_WARN_QUOTED_INCLUDE_IN_FRAMEWORK_HEADER = YES;
				CLANG_WARN_RANGE_LOOP_ANALYSIS = YES;
				CLANG_WARN_STRICT_PROTOTYPES = YES;
				CLANG_WARN_SUSPICIOUS_MOVE = YES;
				CLANG_WARN_UNGUARDED_AVAILABILITY = YES_AGGRESSIVE;
				CLANG_WARN_UNREACHABLE_CODE = YES;
				CLANG_WARN__DUPLICATE_METHOD_MATCH = YES;
				COPY_PHASE_STRIP = NO;
				DEBUG_INFORMATION_FORMAT = "dwarf-with-dsym";
				ENABLE_NS_ASSERTIONS = NO;
				ENABLE_STRICT_OBJC_MSGSEND = YES;
				ENABLE_USER_SCRIPT_SANDBOXING = YES;
				GCC_C_LANGUAGE_STANDARD = gnu17;
				GCC_NO_COMMON_BLOCKS = YES;
				GCC_WARN_64_TO_32_BIT_CONVERSION = YES;
				GCC_WARN_ABOUT_RETURN_TYPE = YES_ERROR;
				GCC_WARN_UNDECLARED_SELECTOR = YES;
				GCC_WARN_UNINITIALIZED_AUTOS = YES_AGGRESSIVE;
				GCC_WARN_UNUSED_FUNCTION = YES;
				GCC_WARN_UNUSED_VARIABLE = YES;
				IPHONEOS_DEPLOYMENT_TARGET = 17.4;
				LOCALIZATION_PREFERS_STRING_CATALOGS = YES;
				MTL_ENABLE_DEBUG_INFO = NO;
				MTL_FAST_MATH = YES;
				SDKROOT = iphoneos;
				SWIFT_COMPILATION_MODE = wholemodule;
				VALIDATE_PRODUCT = YES;
			};
			name = Release;
		};
		7B8DCDD72BC66D2500D70C6C /* Debug */ = {
			isa = XCBuildConfiguration;
			buildSettings = {
				ASSETCATALOG_COMPILER_APPICON_NAME = AppIcon;
				ASSETCATALOG_COMPILER_GLOBAL_ACCENT_COLOR_NAME = AccentColor;
				CODE_SIGN_STYLE = Automatic;
				CURRENT_PROJECT_VERSION = 1;
				DEVELOPMENT_ASSET_PATHS = "\"DermAssist/Preview Content\"";
				DEVELOPMENT_TEAM = XX86AGP7AN;
				ENABLE_PREVIEWS = YES;
				GENERATE_INFOPLIST_FILE = YES;
				INFOPLIST_KEY_UIApplicationSceneManifest_Generation = YES;
				INFOPLIST_KEY_UIApplicationSupportsIndirectInputEvents = YES;
				INFOPLIST_KEY_UILaunchScreen_Generation = YES;
				INFOPLIST_KEY_UISupportedInterfaceOrientations_iPad = "UIInterfaceOrientationPortrait UIInterfaceOrientationPortraitUpsideDown UIInterfaceOrientationLandscapeLeft UIInterfaceOrientationLandscapeRight";
				INFOPLIST_KEY_UISupportedInterfaceOrientations_iPhone = "UIInterfaceOrientationPortrait UIInterfaceOrientationLandscapeLeft UIInterfaceOrientationLandscapeRight";
				LD_RUNPATH_SEARCH_PATHS = (
					"$(inherited)",
					"@executable_path/Frameworks",
				);
				MARKETING_VERSION = 1.0;
				PRODUCT_BUNDLE_IDENTIFIER = th.ac.tu.student.6410685033.DermAssist;
				PRODUCT_NAME = "$(TARGET_NAME)";
				SWIFT_EMIT_LOC_STRINGS = YES;
				SWIFT_VERSION = 5.0;
				TARGETED_DEVICE_FAMILY = "1,2";
			};
			name = Debug;
		};
		7B8DCDD82BC66D2500D70C6C /* Release */ = {
			isa = XCBuildConfiguration;
			buildSettings = {
				ASSETCATALOG_COMPILER_APPICON_NAME = AppIcon;
				ASSETCATALOG_COMPILER_GLOBAL_ACCENT_COLOR_NAME = AccentColor;
				CODE_SIGN_STYLE = Automatic;
				CURRENT_PROJECT_VERSION = 1;
				DEVELOPMENT_ASSET_PATHS = "\"DermAssist/Preview Content\"";
				DEVELOPMENT_TEAM = XX86AGP7AN;
				ENABLE_PREVIEWS = YES;
				GENERATE_INFOPLIST_FILE = YES;
				INFOPLIST_KEY_UIApplicationSceneManifest_Generation = YES;
				INFOPLIST_KEY_UIApplicationSupportsIndirectInputEvents = YES;
				INFOPLIST_KEY_UILaunchScreen_Generation = YES;
				INFOPLIST_KEY_UISupportedInterfaceOrientations_iPad = "UIInterfaceOrientationPortrait UIInterfaceOrientationPortraitUpsideDown UIInterfaceOrientationLandscapeLeft UIInterfaceOrientationLandscapeRight";
				INFOPLIST_KEY_UISupportedInterfaceOrientations_iPhone = "UIInterfaceOrientationPortrait UIInterfaceOrientationLandscapeLeft UIInterfaceOrientationLandscapeRight";
				LD_RUNPATH_SEARCH_PATHS = (
					"$(inherited)",
					"@executable_path/Frameworks",
				);
				MARKETING_VERSION = 1.0;
				PRODUCT_BUNDLE_IDENTIFIER = th.ac.tu.student.6410685033.DermAssist;
				PRODUCT_NAME = "$(TARGET_NAME)";
				SWIFT_EMIT_LOC_STRINGS = YES;
				SWIFT_VERSION = 5.0;
				TARGETED_DEVICE_FAMILY = "1,2";
			};
			name = Release;
		};
/* End XCBuildConfiguration section */

/* Begin XCConfigurationList section */
		7B8DCDC32BC66D2400D70C6C /* Build configuration list for PBXProject "DermAssist" */ = {
			isa = XCConfigurationList;
			buildConfigurations = (
				7B8DCDD42BC66D2500D70C6C /* Debug */,
				7B8DCDD52BC66D2500D70C6C /* Release */,
			);
			defaultConfigurationIsVisible = 0;
			defaultConfigurationName = Release;
		};
		7B8DCDD62BC66D2500D70C6C /* Build configuration list for PBXNativeTarget "DermAssist" */ = {
			isa = XCConfigurationList;
			buildConfigurations = (
				7B8DCDD72BC66D2500D70C6C /* Debug */,
				7B8DCDD82BC66D2500D70C6C /* Release */,
			);
			defaultConfigurationIsVisible = 0;
			defaultConfigurationName = Release;
		};
/* End XCConfigurationList section */

/* Begin XCRemoteSwiftPackageReference section */
		7B4D5C622BCAF1B60076F710 /* XCRemoteSwiftPackageReference "generative-ai-swift" */ = {
			isa = XCRemoteSwiftPackageReference;
			repositoryURL = "https://github.com/google/generative-ai-swift";
			requirement = {
				kind = upToNextMajorVersion;
				minimumVersion = 0.4.11;
			};
		};
		7B8DCDDB2BC672EF00D70C6C /* XCRemoteSwiftPackageReference "firebase-ios-sdk" */ = {
			isa = XCRemoteSwiftPackageReference;
			repositoryURL = "https://github.com/firebase/firebase-ios-sdk";
			requirement = {
				kind = upToNextMajorVersion;
				minimumVersion = 10.24.0;
			};
		};
		CE9825992BC9692600DB384A /* XCRemoteSwiftPackageReference "OpenAI" */ = {
			isa = XCRemoteSwiftPackageReference;
			repositoryURL = "https://github.com/MacPaw/OpenAI.git";
			requirement = {
				kind = upToNextMajorVersion;
				minimumVersion = 0.2.5;
			};
		};
/* End XCRemoteSwiftPackageReference section */

/* Begin XCSwiftPackageProductDependency section */
		7B4D5C632BCAF1B60076F710 /* GoogleGenerativeAI */ = {
			isa = XCSwiftPackageProductDependency;
			package = 7B4D5C622BCAF1B60076F710 /* XCRemoteSwiftPackageReference "generative-ai-swift" */;
			productName = GoogleGenerativeAI;
		};
		7B8DCDDD2BC675FC00D70C6C /* FirebaseAnalytics */ = {
			isa = XCSwiftPackageProductDependency;
			package = 7B8DCDDB2BC672EF00D70C6C /* XCRemoteSwiftPackageReference "firebase-ios-sdk" */;
			productName = FirebaseAnalytics;
		};
		7B8DCDDF2BC675FC00D70C6C /* FirebaseAnalyticsOnDeviceConversion */ = {
			isa = XCSwiftPackageProductDependency;
			package = 7B8DCDDB2BC672EF00D70C6C /* XCRemoteSwiftPackageReference "firebase-ios-sdk" */;
			productName = FirebaseAnalyticsOnDeviceConversion;
		};
		7B8DCDE12BC675FC00D70C6C /* FirebaseAnalyticsSwift */ = {
			isa = XCSwiftPackageProductDependency;
			package = 7B8DCDDB2BC672EF00D70C6C /* XCRemoteSwiftPackageReference "firebase-ios-sdk" */;
			productName = FirebaseAnalyticsSwift;
		};
		7B8DCDE32BC675FC00D70C6C /* FirebaseAnalyticsWithoutAdIdSupport */ = {
			isa = XCSwiftPackageProductDependency;
			package = 7B8DCDDB2BC672EF00D70C6C /* XCRemoteSwiftPackageReference "firebase-ios-sdk" */;
			productName = FirebaseAnalyticsWithoutAdIdSupport;
		};
		7B8DCDE52BC675FC00D70C6C /* FirebaseAppCheck */ = {
			isa = XCSwiftPackageProductDependency;
			package = 7B8DCDDB2BC672EF00D70C6C /* XCRemoteSwiftPackageReference "firebase-ios-sdk" */;
			productName = FirebaseAppCheck;
		};
		7B8DCDE72BC675FC00D70C6C /* FirebaseAppDistribution-Beta */ = {
			isa = XCSwiftPackageProductDependency;
			package = 7B8DCDDB2BC672EF00D70C6C /* XCRemoteSwiftPackageReference "firebase-ios-sdk" */;
			productName = "FirebaseAppDistribution-Beta";
		};
		7B8DCDE92BC675FC00D70C6C /* FirebaseAuth */ = {
			isa = XCSwiftPackageProductDependency;
			package = 7B8DCDDB2BC672EF00D70C6C /* XCRemoteSwiftPackageReference "firebase-ios-sdk" */;
			productName = FirebaseAuth;
		};
		7B8DCDEB2BC675FC00D70C6C /* FirebaseAuthCombine-Community */ = {
			isa = XCSwiftPackageProductDependency;
			package = 7B8DCDDB2BC672EF00D70C6C /* XCRemoteSwiftPackageReference "firebase-ios-sdk" */;
			productName = "FirebaseAuthCombine-Community";
		};
		7B8DCDED2BC675FC00D70C6C /* FirebaseCrashlytics */ = {
			isa = XCSwiftPackageProductDependency;
			package = 7B8DCDDB2BC672EF00D70C6C /* XCRemoteSwiftPackageReference "firebase-ios-sdk" */;
			productName = FirebaseCrashlytics;
		};
		7B8DCDEF2BC675FC00D70C6C /* FirebaseDatabase */ = {
			isa = XCSwiftPackageProductDependency;
			package = 7B8DCDDB2BC672EF00D70C6C /* XCRemoteSwiftPackageReference "firebase-ios-sdk" */;
			productName = FirebaseDatabase;
		};
		7B8DCDF12BC675FC00D70C6C /* FirebaseDatabaseSwift */ = {
			isa = XCSwiftPackageProductDependency;
			package = 7B8DCDDB2BC672EF00D70C6C /* XCRemoteSwiftPackageReference "firebase-ios-sdk" */;
			productName = FirebaseDatabaseSwift;
		};
		7B8DCDF32BC675FC00D70C6C /* FirebaseDynamicLinks */ = {
			isa = XCSwiftPackageProductDependency;
			package = 7B8DCDDB2BC672EF00D70C6C /* XCRemoteSwiftPackageReference "firebase-ios-sdk" */;
			productName = FirebaseDynamicLinks;
		};
		7B8DCDF52BC675FC00D70C6C /* FirebaseFirestore */ = {
			isa = XCSwiftPackageProductDependency;
			package = 7B8DCDDB2BC672EF00D70C6C /* XCRemoteSwiftPackageReference "firebase-ios-sdk" */;
			productName = FirebaseFirestore;
		};
		7B8DCDF72BC675FC00D70C6C /* FirebaseFirestoreCombine-Community */ = {
			isa = XCSwiftPackageProductDependency;
			package = 7B8DCDDB2BC672EF00D70C6C /* XCRemoteSwiftPackageReference "firebase-ios-sdk" */;
			productName = "FirebaseFirestoreCombine-Community";
		};
		7B8DCDF92BC675FC00D70C6C /* FirebaseFirestoreSwift */ = {
			isa = XCSwiftPackageProductDependency;
			package = 7B8DCDDB2BC672EF00D70C6C /* XCRemoteSwiftPackageReference "firebase-ios-sdk" */;
			productName = FirebaseFirestoreSwift;
		};
		7B8DCDFB2BC675FC00D70C6C /* FirebaseFunctions */ = {
			isa = XCSwiftPackageProductDependency;
			package = 7B8DCDDB2BC672EF00D70C6C /* XCRemoteSwiftPackageReference "firebase-ios-sdk" */;
			productName = FirebaseFunctions;
		};
		7B8DCDFD2BC675FC00D70C6C /* FirebaseFunctionsCombine-Community */ = {
			isa = XCSwiftPackageProductDependency;
			package = 7B8DCDDB2BC672EF00D70C6C /* XCRemoteSwiftPackageReference "firebase-ios-sdk" */;
			productName = "FirebaseFunctionsCombine-Community";
		};
		7B8DCDFF2BC675FC00D70C6C /* FirebaseInAppMessaging-Beta */ = {
			isa = XCSwiftPackageProductDependency;
			package = 7B8DCDDB2BC672EF00D70C6C /* XCRemoteSwiftPackageReference "firebase-ios-sdk" */;
			productName = "FirebaseInAppMessaging-Beta";
		};
		7B8DCE012BC675FC00D70C6C /* FirebaseInAppMessagingSwift-Beta */ = {
			isa = XCSwiftPackageProductDependency;
			package = 7B8DCDDB2BC672EF00D70C6C /* XCRemoteSwiftPackageReference "firebase-ios-sdk" */;
			productName = "FirebaseInAppMessagingSwift-Beta";
		};
		7B8DCE032BC675FC00D70C6C /* FirebaseInstallations */ = {
			isa = XCSwiftPackageProductDependency;
			package = 7B8DCDDB2BC672EF00D70C6C /* XCRemoteSwiftPackageReference "firebase-ios-sdk" */;
			productName = FirebaseInstallations;
		};
		7B8DCE052BC675FC00D70C6C /* FirebaseMessaging */ = {
			isa = XCSwiftPackageProductDependency;
			package = 7B8DCDDB2BC672EF00D70C6C /* XCRemoteSwiftPackageReference "firebase-ios-sdk" */;
			productName = FirebaseMessaging;
		};
		7B8DCE072BC675FC00D70C6C /* FirebaseMLModelDownloader */ = {
			isa = XCSwiftPackageProductDependency;
			package = 7B8DCDDB2BC672EF00D70C6C /* XCRemoteSwiftPackageReference "firebase-ios-sdk" */;
			productName = FirebaseMLModelDownloader;
		};
		7B8DCE092BC675FC00D70C6C /* FirebasePerformance */ = {
			isa = XCSwiftPackageProductDependency;
			package = 7B8DCDDB2BC672EF00D70C6C /* XCRemoteSwiftPackageReference "firebase-ios-sdk" */;
			productName = FirebasePerformance;
		};
		7B8DCE0B2BC675FC00D70C6C /* FirebaseRemoteConfig */ = {
			isa = XCSwiftPackageProductDependency;
			package = 7B8DCDDB2BC672EF00D70C6C /* XCRemoteSwiftPackageReference "firebase-ios-sdk" */;
			productName = FirebaseRemoteConfig;
		};
		7B8DCE0D2BC675FC00D70C6C /* FirebaseRemoteConfigSwift */ = {
			isa = XCSwiftPackageProductDependency;
			package = 7B8DCDDB2BC672EF00D70C6C /* XCRemoteSwiftPackageReference "firebase-ios-sdk" */;
			productName = FirebaseRemoteConfigSwift;
		};
		7B8DCE0F2BC675FC00D70C6C /* FirebaseStorage */ = {
			isa = XCSwiftPackageProductDependency;
			package = 7B8DCDDB2BC672EF00D70C6C /* XCRemoteSwiftPackageReference "firebase-ios-sdk" */;
			productName = FirebaseStorage;
		};
		7B8DCE112BC675FC00D70C6C /* FirebaseStorageCombine-Community */ = {
			isa = XCSwiftPackageProductDependency;
			package = 7B8DCDDB2BC672EF00D70C6C /* XCRemoteSwiftPackageReference "firebase-ios-sdk" */;
			productName = "FirebaseStorageCombine-Community";
		};
		CE98259A2BC9692600DB384A /* OpenAI */ = {
			isa = XCSwiftPackageProductDependency;
			package = CE9825992BC9692600DB384A /* XCRemoteSwiftPackageReference "OpenAI" */;
			productName = OpenAI;
		};
/* End XCSwiftPackageProductDependency section */
	};
	rootObject = 7B8DCDC02BC66D2400D70C6C /* Project object */;
}
